
Microsoft Visual Studio Solution File, Format Version 12.00
# Visual Studio 2012
Project("{FAE04EC0-301F-11D3-BF4B-00C04F79EFBC}") = "ConsoleApplication", "ConsoleApplication.csproj", "{1DB694EC-8C9E-409C-BFEE-5F0EDF9CCC1E}"
EndProject
Global
	GlobalSection(SolutionConfigurationPlatforms) = preSolution
		Debug|Any CPU = Debug|Any CPU
		Release|Any CPU = Release|Any CPU
	EndGlobalSection
	GlobalSection(ProjectConfigurationPlatforms) = postSolution
		{1DB694EC-8C9E-409C-BFEE-5F0EDF9CCC1E}.Debug|Any CPU.ActiveCfg = Debug|Any CPU
		{1DB694EC-8C9E-409C-BFEE-5F0EDF9CCC1E}.Debug|Any CPU.Build.0 = Debug|Any CPU
		{1DB694EC-8C9E-409C-BFEE-5F0EDF9CCC1E}.Release|Any CPU.ActiveCfg = Release|Any CPU
		{1DB694EC-8C9E-409C-BFEE-5F0EDF9CCC1E}.Release|Any CPU.Build.0 = Release|Any CPU
	EndGlobalSection
	GlobalSection(SolutionProperties) = preSolution
		HideSolutionNode = FALSE
	EndGlobalSection
EndGlobal
