
Microsoft Visual Studio Solution File, Format Version 12.00
# Visual Studio 2012
Project("{FAE04EC0-301F-11D3-BF4B-00C04F79EFBC}") = "ImportCircularDependency", "ImportCircularDependency.csproj", "{E94E47AF-A61B-4FB0-A22C-1C14FD129FF7}"
EndProject
Global
	GlobalSection(SolutionConfigurationPlatforms) = preSolution
		Debug|Any CPU = Debug|Any CPU
		Release|Any CPU = Release|Any CPU
	EndGlobalSection
	GlobalSection(ProjectConfigurationPlatforms) = postSolution
		{E94E47AF-A61B-4FB0-A22C-1C14FD129FF7}.Debug|Any CPU.ActiveCfg = Debug|Any CPU
		{E94E47AF-A61B-4FB0-A22C-1C14FD129FF7}.Debug|Any CPU.Build.0 = Debug|Any CPU
		{E94E47AF-A61B-4FB0-A22C-1C14FD129FF7}.Release|Any CPU.ActiveCfg = Release|Any CPU
		{E94E47AF-A61B-4FB0-A22C-1C14FD129FF7}.Release|Any CPU.Build.0 = Release|Any CPU
	EndGlobalSection
EndGlobal
