
Microsoft Visual Studio Solution File, Format Version 10.00
# Visual Studio 2008
Project("{FAE04EC0-301F-11D3-BF4B-00C04F79EFBC}") = "AspNetEdit", "AspNetEdit.csproj", "{F9A9BFBB-57DC-4143-9276-15D82083B56F}"
EndProject
Global
	GlobalSection(SolutionConfigurationPlatforms) = preSolution
		Debug|Any CPU = Debug|Any CPU
		Release|Any CPU = Release|Any CPU
	EndGlobalSection
	GlobalSection(ProjectConfigurationPlatforms) = postSolution
		{F9A9BFBB-57DC-4143-9276-15D82083B56F}.Debug|Any CPU.ActiveCfg = Debug|Any CPU
		{F9A9BFBB-57DC-4143-9276-15D82083B56F}.Debug|Any CPU.Build.0 = Debug|Any CPU
		{F9A9BFBB-57DC-4143-9276-15D82083B56F}.Release|Any CPU.ActiveCfg = Release|Any CPU
		{F9A9BFBB-57DC-4143-9276-15D82083B56F}.Release|Any CPU.Build.0 = Release|Any CPU
	EndGlobalSection
	GlobalSection(MonoDevelopProperties) = preSolution
		StartupItem = AspNetEdit.csproj
		Policies = $0
		$0.DotNetNamingPolicy = $1
		$1.DirectoryNamespaceAssociation = Flat
		$1.ResourceNamePolicy = FileName
		$0.StandardHeader = $2
		$2.inheritsSet = MITX11License
		$0.TextStylePolicy = $3
		$3.FileWidth = 120
		$3.TabWidth = 4
		$3.inheritsSet = Mono
		$3.inheritsScope = text/plain
		$0.VersionControlPolicy = $4
		$4.inheritsSet = Mono
		$0.ChangeLogPolicy = $5
		$5.UpdateMode = ProjectRoot
		$5.inheritsSet = Mono
	EndGlobalSection
EndGlobal
