
Microsoft Visual Studio Solution File, Format Version 10.00
# Visual Studio 2008
Project("{FAE04EC0-301F-11D3-BF4B-00C04F79EFBC}") = "D3D10Tutorial09_WinFormsControl", "D3D10Tutorial09_WinFormsControl\D3D10Tutorial09_WinFormsControl.csproj", "{63FAFC43-88BA-48F6-80A6-F164B618A72A}"
EndProject
Project("{FAE04EC0-301F-11D3-BF4B-00C04F79EFBC}") = "D3D10Tutorial09_WPF", "D3D10Tutorial09_WPF\D3D10Tutorial09_WPF.csproj", "{790B3091-7B27-4062-B790-6FDE8C69EB7C}"
EndProject
Project("{8BC9CEB8-8B4A-11D0-8D11-00A0C91BC942}") = "Controls", "..\..\..\UtilitiesLibrary\Controls\DirectXControls.vcproj", "{5D4F4B06-1572-4E57-9007-93ECA5A07A11}"
EndProject
Project("{8BC9CEB8-8B4A-11D0-8D11-00A0C91BC942}") = "Microsoft.WindowsAPICodePack.DirectX.Direct3DX10", "..\..\..\UtilitiesLibrary\D3DX10Helpers\Direct3DX10.vcproj", "{453FF234-24EC-4CC3-83DA-6D6C54388899}"
EndProject
Project("{8BC9CEB8-8B4A-11D0-8D11-00A0C91BC942}") = "Microsoft.WindowsAPICodePack.DirectX", "..\..\..\..\..\WindowsAPICodePack\DirectX\DirectX\DirectX.vcproj", "{446B1E21-65A1-4F56-AA2C-D2E24058B2B8}"
EndProject
Project("{2150E333-8FDC-42A3-9474-1A3956D46DE8}") = "Library", "Library", "{496A2AA1-DFEC-43FA-9BFA-57E8F9D47901}"
EndProject
Project("{2150E333-8FDC-42A3-9474-1A3956D46DE8}") = "Utilities", "Utilities", "{F177D56C-726F-405A-B4FB-4C2777793FD9}"
EndProject
Project("{FAE04EC0-301F-11D3-BF4B-00C04F79EFBC}") = "Direct3DUtilities", "..\..\UtilitiesLibrary\D3DUtilities\Direct3DUtilities.csproj", "{8A152DCF-12AE-492B-9F24-060B90B2DDD0}"
EndProject
Project("{FAE04EC0-301F-11D3-BF4B-00C04F79EFBC}") = "MeshLoader", "..\..\UtilitiesLibrary\MeshLoader\MeshLoader.csproj", "{B28ADA8B-BD7E-4C11-8298-C39F7C456365}"
EndProject
Global

	GlobalSection(SolutionConfigurationPlatforms) = preSolution
		Debug|Any CPU = Debug|Any CPU
		Debug|Mixed Platforms = Debug|Mixed Platforms
		Debug|Win32 = Debug|Win32
		Debug|x64 = Debug|x64
		Release|Any CPU = Release|Any CPU
		Release|Mixed Platforms = Release|Mixed Platforms
		Release|Win32 = Release|Win32
		Release|x64 = Release|x64
	EndGlobalSection
	GlobalSection(ProjectConfigurationPlatforms) = postSolution
		{63FAFC43-88BA-48F6-80A6-F164B618A72A}.Debug|Any CPU.ActiveCfg = Debug|Any CPU
		{63FAFC43-88BA-48F6-80A6-F164B618A72A}.Debug|Any CPU.Build.0 = Debug|Any CPU
		{63FAFC43-88BA-48F6-80A6-F164B618A72A}.Debug|Mixed Platforms.ActiveCfg = Debug|Any CPU
		{63FAFC43-88BA-48F6-80A6-F164B618A72A}.Debug|Mixed Platforms.Build.0 = Debug|Any CPU
		{63FAFC43-88BA-48F6-80A6-F164B618A72A}.Debug|Win32.ActiveCfg = Debug|x64
		{63FAFC43-88BA-48F6-80A6-F164B618A72A}.Debug|x64.ActiveCfg = Debug|x64
		{63FAFC43-88BA-48F6-80A6-F164B618A72A}.Debug|x64.Build.0 = Debug|x64
		{63FAFC43-88BA-48F6-80A6-F164B618A72A}.Release|Any CPU.ActiveCfg = Release|Any CPU
		{63FAFC43-88BA-48F6-80A6-F164B618A72A}.Release|Any CPU.Build.0 = Release|Any CPU
		{63FAFC43-88BA-48F6-80A6-F164B618A72A}.Release|Mixed Platforms.ActiveCfg = Release|Any CPU
		{63FAFC43-88BA-48F6-80A6-F164B618A72A}.Release|Mixed Platforms.Build.0 = Release|Any CPU
		{63FAFC43-88BA-48F6-80A6-F164B618A72A}.Release|Win32.ActiveCfg = Release|x64
		{63FAFC43-88BA-48F6-80A6-F164B618A72A}.Release|x64.ActiveCfg = Release|x64
		{63FAFC43-88BA-48F6-80A6-F164B618A72A}.Release|x64.Build.0 = Release|x64
		{790B3091-7B27-4062-B790-6FDE8C69EB7C}.Debug|Any CPU.ActiveCfg = Debug|Any CPU
		{790B3091-7B27-4062-B790-6FDE8C69EB7C}.Debug|Any CPU.Build.0 = Debug|Any CPU
		{790B3091-7B27-4062-B790-6FDE8C69EB7C}.Debug|Mixed Platforms.ActiveCfg = Debug|Any CPU
		{790B3091-7B27-4062-B790-6FDE8C69EB7C}.Debug|Mixed Platforms.Build.0 = Debug|Any CPU
		{790B3091-7B27-4062-B790-6FDE8C69EB7C}.Debug|Win32.ActiveCfg = Debug|x64
		{790B3091-7B27-4062-B790-6FDE8C69EB7C}.Debug|x64.ActiveCfg = Debug|x64
		{790B3091-7B27-4062-B790-6FDE8C69EB7C}.Debug|x64.Build.0 = Debug|x64
		{790B3091-7B27-4062-B790-6FDE8C69EB7C}.Release|Any CPU.ActiveCfg = Release|Any CPU
		{790B3091-7B27-4062-B790-6FDE8C69EB7C}.Release|Any CPU.Build.0 = Release|Any CPU
		{790B3091-7B27-4062-B790-6FDE8C69EB7C}.Release|Mixed Platforms.ActiveCfg = Release|Any CPU
		{790B3091-7B27-4062-B790-6FDE8C69EB7C}.Release|Mixed Platforms.Build.0 = Release|Any CPU
		{790B3091-7B27-4062-B790-6FDE8C69EB7C}.Release|Win32.ActiveCfg = Release|x64
		{790B3091-7B27-4062-B790-6FDE8C69EB7C}.Release|x64.ActiveCfg = Release|x64
		{790B3091-7B27-4062-B790-6FDE8C69EB7C}.Release|x64.Build.0 = Release|x64
		{5D4F4B06-1572-4E57-9007-93ECA5A07A11}.Debug|Any CPU.ActiveCfg = Debug|x64
		{5D4F4B06-1572-4E57-9007-93ECA5A07A11}.Debug|Mixed Platforms.ActiveCfg = Debug|Win32
		{5D4F4B06-1572-4E57-9007-93ECA5A07A11}.Debug|Mixed Platforms.Build.0 = Debug|Win32
		{5D4F4B06-1572-4E57-9007-93ECA5A07A11}.Debug|Win32.ActiveCfg = Debug|Win32
		{5D4F4B06-1572-4E57-9007-93ECA5A07A11}.Debug|Win32.Build.0 = Debug|Win32
		{5D4F4B06-1572-4E57-9007-93ECA5A07A11}.Debug|x64.ActiveCfg = Debug|x64
		{5D4F4B06-1572-4E57-9007-93ECA5A07A11}.Debug|x64.Build.0 = Debug|x64
		{5D4F4B06-1572-4E57-9007-93ECA5A07A11}.Release|Any CPU.ActiveCfg = Release|x64
		{5D4F4B06-1572-4E57-9007-93ECA5A07A11}.Release|Mixed Platforms.ActiveCfg = Release|Win32
		{5D4F4B06-1572-4E57-9007-93ECA5A07A11}.Release|Mixed Platforms.Build.0 = Release|Win32
		{5D4F4B06-1572-4E57-9007-93ECA5A07A11}.Release|Win32.ActiveCfg = Release|Win32
		{5D4F4B06-1572-4E57-9007-93ECA5A07A11}.Release|Win32.Build.0 = Release|Win32
		{5D4F4B06-1572-4E57-9007-93ECA5A07A11}.Release|x64.ActiveCfg = Release|x64
		{5D4F4B06-1572-4E57-9007-93ECA5A07A11}.Release|x64.Build.0 = Release|x64
		{453FF234-24EC-4CC3-83DA-6D6C54388899}.Debug|Any CPU.ActiveCfg = Debug|x64
		{453FF234-24EC-4CC3-83DA-6D6C54388899}.Debug|Mixed Platforms.ActiveCfg = Debug|Win32
		{453FF234-24EC-4CC3-83DA-6D6C54388899}.Debug|Mixed Platforms.Build.0 = Debug|Win32
		{453FF234-24EC-4CC3-83DA-6D6C54388899}.Debug|Win32.ActiveCfg = Debug|Win32
		{453FF234-24EC-4CC3-83DA-6D6C54388899}.Debug|Win32.Build.0 = Debug|Win32
		{453FF234-24EC-4CC3-83DA-6D6C54388899}.Debug|x64.ActiveCfg = Debug|x64
		{453FF234-24EC-4CC3-83DA-6D6C54388899}.Debug|x64.Build.0 = Debug|x64
		{453FF234-24EC-4CC3-83DA-6D6C54388899}.Release|Any CPU.ActiveCfg = Release|x64
		{453FF234-24EC-4CC3-83DA-6D6C54388899}.Release|Mixed Platforms.ActiveCfg = Release|Win32
		{453FF234-24EC-4CC3-83DA-6D6C54388899}.Release|Mixed Platforms.Build.0 = Release|Win32
		{453FF234-24EC-4CC3-83DA-6D6C54388899}.Release|Win32.ActiveCfg = Release|Win32
		{453FF234-24EC-4CC3-83DA-6D6C54388899}.Release|Win32.Build.0 = Release|Win32
		{453FF234-24EC-4CC3-83DA-6D6C54388899}.Release|x64.ActiveCfg = Release|x64
		{453FF234-24EC-4CC3-83DA-6D6C54388899}.Release|x64.Build.0 = Release|x64
		{446B1E21-65A1-4F56-AA2C-D2E24058B2B8}.Debug|Any CPU.ActiveCfg = Debug|x64
		{446B1E21-65A1-4F56-AA2C-D2E24058B2B8}.Debug|Mixed Platforms.ActiveCfg = Debug|Win32
		{446B1E21-65A1-4F56-AA2C-D2E24058B2B8}.Debug|Mixed Platforms.Build.0 = Debug|Win32
		{446B1E21-65A1-4F56-AA2C-D2E24058B2B8}.Debug|Win32.ActiveCfg = Debug|Win32
		{446B1E21-65A1-4F56-AA2C-D2E24058B2B8}.Debug|Win32.Build.0 = Debug|Win32
		{446B1E21-65A1-4F56-AA2C-D2E24058B2B8}.Debug|x64.ActiveCfg = Debug|x64
		{446B1E21-65A1-4F56-AA2C-D2E24058B2B8}.Debug|x64.Build.0 = Debug|x64
		{446B1E21-65A1-4F56-AA2C-D2E24058B2B8}.Release|Any CPU.ActiveCfg = Release|x64
		{446B1E21-65A1-4F56-AA2C-D2E24058B2B8}.Release|Mixed Platforms.ActiveCfg = Release|Win32
		{446B1E21-65A1-4F56-AA2C-D2E24058B2B8}.Release|Mixed Platforms.Build.0 = Release|Win32
		{446B1E21-65A1-4F56-AA2C-D2E24058B2B8}.Release|Win32.ActiveCfg = Release|Win32
		{446B1E21-65A1-4F56-AA2C-D2E24058B2B8}.Release|Win32.Build.0 = Release|Win32
		{446B1E21-65A1-4F56-AA2C-D2E24058B2B8}.Release|x64.ActiveCfg = Release|x64
		{446B1E21-65A1-4F56-AA2C-D2E24058B2B8}.Release|x64.Build.0 = Release|x64
		{8A152DCF-12AE-492B-9F24-060B90B2DDD0}.Debug|Any CPU.ActiveCfg = Debug|Any CPU
		{8A152DCF-12AE-492B-9F24-060B90B2DDD0}.Debug|Any CPU.Build.0 = Debug|Any CPU
		{8A152DCF-12AE-492B-9F24-060B90B2DDD0}.Debug|Mixed Platforms.ActiveCfg = Debug|Any CPU
		{8A152DCF-12AE-492B-9F24-060B90B2DDD0}.Debug|Mixed Platforms.Build.0 = Debug|Any CPU
		{8A152DCF-12AE-492B-9F24-060B90B2DDD0}.Debug|Win32.ActiveCfg = Debug|x64
		{8A152DCF-12AE-492B-9F24-060B90B2DDD0}.Debug|x64.ActiveCfg = Debug|x64
		{8A152DCF-12AE-492B-9F24-060B90B2DDD0}.Debug|x64.Build.0 = Debug|x64
		{8A152DCF-12AE-492B-9F24-060B90B2DDD0}.Release|Any CPU.ActiveCfg = Release|Any CPU
		{8A152DCF-12AE-492B-9F24-060B90B2DDD0}.Release|Any CPU.Build.0 = Release|Any CPU
		{8A152DCF-12AE-492B-9F24-060B90B2DDD0}.Release|Mixed Platforms.ActiveCfg = Release|Any CPU
		{8A152DCF-12AE-492B-9F24-060B90B2DDD0}.Release|Mixed Platforms.Build.0 = Release|Any CPU
		{8A152DCF-12AE-492B-9F24-060B90B2DDD0}.Release|Win32.ActiveCfg = Release|x64
		{8A152DCF-12AE-492B-9F24-060B90B2DDD0}.Release|x64.ActiveCfg = Release|x64
		{8A152DCF-12AE-492B-9F24-060B90B2DDD0}.Release|x64.Build.0 = Release|x64
		{B28ADA8B-BD7E-4C11-8298-C39F7C456365}.Debug|Any CPU.ActiveCfg = Debug|Any CPU
		{B28ADA8B-BD7E-4C11-8298-C39F7C456365}.Debug|Any CPU.Build.0 = Debug|Any CPU
		{B28ADA8B-BD7E-4C11-8298-C39F7C456365}.Debug|Mixed Platforms.ActiveCfg = Debug|Any CPU
		{B28ADA8B-BD7E-4C11-8298-C39F7C456365}.Debug|Mixed Platforms.Build.0 = Debug|Any CPU
		{B28ADA8B-BD7E-4C11-8298-C39F7C456365}.Debug|Win32.ActiveCfg = Debug|Any CPU
		{B28ADA8B-BD7E-4C11-8298-C39F7C456365}.Debug|x64.ActiveCfg = Debug|Any CPU
		{B28ADA8B-BD7E-4C11-8298-C39F7C456365}.Release|Any CPU.ActiveCfg = Release|Any CPU
		{B28ADA8B-BD7E-4C11-8298-C39F7C456365}.Release|Any CPU.Build.0 = Release|Any CPU
		{B28ADA8B-BD7E-4C11-8298-C39F7C456365}.Release|Mixed Platforms.ActiveCfg = Release|Any CPU
		{B28ADA8B-BD7E-4C11-8298-C39F7C456365}.Release|Mixed Platforms.Build.0 = Release|Any CPU
		{B28ADA8B-BD7E-4C11-8298-C39F7C456365}.Release|Win32.ActiveCfg = Release|Any CPU
		{B28ADA8B-BD7E-4C11-8298-C39F7C456365}.Release|x64.ActiveCfg = Release|Any CPU
	EndGlobalSection
	GlobalSection(SolutionProperties) = preSolution
		HideSolutionNode = FALSE
	EndGlobalSection
	GlobalSection(NestedProjects) = preSolution
		{453FF234-24EC-4CC3-83DA-6D6C54388899} = {F177D56C-726F-405A-B4FB-4C2777793FD9}
		{5D4F4B06-1572-4E57-9007-93ECA5A07A11} = {F177D56C-726F-405A-B4FB-4C2777793FD9}
		{8A152DCF-12AE-492B-9F24-060B90B2DDD0} = {F177D56C-726F-405A-B4FB-4C2777793FD9}
		{B28ADA8B-BD7E-4C11-8298-C39F7C456365} = {F177D56C-726F-405A-B4FB-4C2777793FD9}
		{446B1E21-65A1-4F56-AA2C-D2E24058B2B8} = {496A2AA1-DFEC-43FA-9BFA-57E8F9D47901}
	EndGlobalSection
EndGlobal
