
Microsoft Visual Studio Solution File, Format Version 10.00
# Visual Studio 2008
Project("{FAE04EC0-301F-11D3-BF4B-00C04F79EFBC}") = "MonoDevelop.Core", "..\main\src\core\MonoDevelop.Core\MonoDevelop.Core.csproj", "{7525BB88-6142-4A26-93B9-A30C6983390A}"
EndProject
Project("{FAE04EC0-301F-11D3-BF4B-00C04F79EFBC}") = "MonoDevelop.Projects.Formats.MSBuild", "..\main\src\core\MonoDevelop.Projects.Formats.MSBuild\MonoDevelop.Projects.Formats.MSBuild.csproj", "{A437F1A3-78DF-4F00-8053-D32A8B1EB679}"
EndProject
Project("{FAE04EC0-301F-11D3-BF4B-00C04F79EFBC}") = "Mono.Cecil", "..\main\contrib\Mono.Cecil\Mono.Cecil\Mono.Cecil.csproj", "{D8F63DFF-5230-43E4-9AB2-DA6E721A1FAE}"
EndProject
Project("{FAE04EC0-301F-11D3-BF4B-00C04F79EFBC}") = "Mono.Cecil.Mdb", "..\main\contrib\Mono.Cecil\Mono.Cecil.Mdb.csproj", "{201F7AC0-D2D5-4F51-85A8-17475DADBED3}"
EndProject
Project("{FAE04EC0-301F-11D3-BF4B-00C04F79EFBC}") = "Mono.TextEditor", "..\main\src\core\Mono.Texteditor\Mono.TextEditor.csproj", "{A2329308-3751-4DBD-9A75-5F7B8B024625}"
EndProject
Project("{FAE04EC0-301F-11D3-BF4B-00C04F79EFBC}") = "Mono.Debugging", "..\main\src\core\Mono.Debugging\Mono.Debugging.csproj", "{90C99ADB-7D4B-4EB4-98C2-40BD1B14C7D2}"
EndProject
Project("{FAE04EC0-301F-11D3-BF4B-00C04F79EFBC}") = "NRefactory", "..\main\contrib\NRefactory\Project\NRefactory.csproj", "{3A9AE6AA-BC07-4A2F-972C-581E3AE2F195}"
EndProject
Project("{FAE04EC0-301F-11D3-BF4B-00C04F79EFBC}") = "MonoDevelop.Ide", "..\main\src\core\MonoDevelop.Ide\MonoDevelop.Ide.csproj", "{27096E7F-C91C-4AC6-B289-6897A701DF21}"
EndProject
Project("{FAE04EC0-301F-11D3-BF4B-00C04F79EFBC}") = "MonoDevelop.Startup", "..\main\src\core\MonoDevelop.Startup\MonoDevelop.Startup.csproj", "{DA8EDEA6-7DA8-435D-B1A0-F3A0CA07F424}"
EndProject
Project("{FAE04EC0-301F-11D3-BF4B-00C04F79EFBC}") = "MonoDevelop.DesignerSupport", "..\main\src\addins\MonoDevelop.DesignerSupport\MonoDevelop.DesignerSupport.csproj", "{2C24D515-4A2C-445C-8419-C09231913CFA}"
EndProject
Project("{FAE04EC0-301F-11D3-BF4B-00C04F79EFBC}") = "MonoDevelop.Deployment", "..\main\src\addins\Deployment\MonoDevelop.Deployment\MonoDevelop.Deployment.csproj", "{9BC670A8-1851-40EC-9685-279F4C98433D}"
EndProject
Project("{2150E333-8FDC-42A3-9474-1A3956D46DE8}") = "stetic2", "stetic2", "{FA38092D-B853-42E3-B7B7-D88A57F97BE9}"
	ProjectSection(MonoDevelopProperties) = preProject
		Policies = $0
		$0.VersionControlPolicy = $1
		$1.inheritsSet = Mono
		$0.ChangeLogPolicy = $2
		$2.UpdateMode = ProjectRoot
		$2.MessageStyle = $3
		$3.LineAlign = 0
		$2.inheritsSet = Mono
	EndProjectSection
EndProject
Project("{FAE04EC0-301F-11D3-BF4B-00C04F79EFBC}") = "libstetic2", "..\main\src\addins\MonoDevelop.GtkCore2\libstetic\libstetic2.csproj", "{90CBA7FD-CB46-4711-97BB-2420DC01F016}"
EndProject
Project("{FAE04EC0-301F-11D3-BF4B-00C04F79EFBC}") = "libsteticui2", "..\main\src\addins\MonoDevelop.GtkCore2\libsteticui\libsteticui2.csproj", "{8951D80F-B2D6-4B4E-B119-28FFE3B7B1C0}"
EndProject
Project("{FAE04EC0-301F-11D3-BF4B-00C04F79EFBC}") = "MonoDevelop.GtkCore2", "..\main\src\addins\MonoDevelop.GtkCore2\MonoDevelop.GtkCore2.csproj", "{4F2E994F-E4F5-407A-8D80-80E3377DEF6E}"
EndProject
Project("{FAE04EC0-301F-11D3-BF4B-00C04F79EFBC}") = "MonoDevelop.Debugger", "..\main\src\addins\MonoDevelop.Debugger\MonoDevelop.Debugger.csproj", "{2357AABD-08C7-4808-A495-8FF2D3CDFDB0}"
EndProject
Project("{FAE04EC0-301F-11D3-BF4B-00C04F79EFBC}") = "MonoDevelop.Refactoring", "..\main\src\addins\MonoDevelop.Refactoring\MonoDevelop.Refactoring.csproj", "{100568FC-F4E8-439B-94AD-41D11724E45B}"
EndProject
Global
	GlobalSection(SolutionConfigurationPlatforms) = preSolution
		Debug|Any CPU = Debug|Any CPU
		Release|Any CPU = Release|Any CPU
		Debug|x86 = Debug|x86
	EndGlobalSection
	GlobalSection(ProjectConfigurationPlatforms) = postSolution
		{100568FC-F4E8-439B-94AD-41D11724E45B}.Debug|Any CPU.ActiveCfg = Debug|Any CPU
		{100568FC-F4E8-439B-94AD-41D11724E45B}.Debug|Any CPU.Build.0 = Debug|Any CPU
		{100568FC-F4E8-439B-94AD-41D11724E45B}.Debug|x86.ActiveCfg = Debug|Any CPU
		{100568FC-F4E8-439B-94AD-41D11724E45B}.Debug|x86.Build.0 = Debug|Any CPU
		{100568FC-F4E8-439B-94AD-41D11724E45B}.Release|Any CPU.ActiveCfg = Release|Any CPU
		{100568FC-F4E8-439B-94AD-41D11724E45B}.Release|Any CPU.Build.0 = Release|Any CPU
		{201F7AC0-D2D5-4F51-85A8-17475DADBED3}.Debug|Any CPU.ActiveCfg = Debug|Any CPU
		{201F7AC0-D2D5-4F51-85A8-17475DADBED3}.Debug|Any CPU.Build.0 = Debug|Any CPU
		{201F7AC0-D2D5-4F51-85A8-17475DADBED3}.Release|Any CPU.ActiveCfg = Release|Any CPU
		{201F7AC0-D2D5-4F51-85A8-17475DADBED3}.Release|Any CPU.Build.0 = Release|Any CPU
		{2357AABD-08C7-4808-A495-8FF2D3CDFDB0}.Debug|Any CPU.ActiveCfg = Debug|Any CPU
		{2357AABD-08C7-4808-A495-8FF2D3CDFDB0}.Debug|Any CPU.Build.0 = Debug|Any CPU
		{2357AABD-08C7-4808-A495-8FF2D3CDFDB0}.Debug|x86.ActiveCfg = Debug|Any CPU
		{2357AABD-08C7-4808-A495-8FF2D3CDFDB0}.Debug|x86.Build.0 = Debug|Any CPU
		{2357AABD-08C7-4808-A495-8FF2D3CDFDB0}.Release|Any CPU.ActiveCfg = Release|Any CPU
		{2357AABD-08C7-4808-A495-8FF2D3CDFDB0}.Release|Any CPU.Build.0 = Release|Any CPU
		{27096E7F-C91C-4AC6-B289-6897A701DF21}.Debug|Any CPU.ActiveCfg = Debug|Any CPU
		{27096E7F-C91C-4AC6-B289-6897A701DF21}.Debug|Any CPU.Build.0 = Debug|Any CPU
		{27096E7F-C91C-4AC6-B289-6897A701DF21}.Release|Any CPU.ActiveCfg = Release|Any CPU
		{27096E7F-C91C-4AC6-B289-6897A701DF21}.Release|Any CPU.Build.0 = Release|Any CPU
		{2C24D515-4A2C-445C-8419-C09231913CFA}.Debug|Any CPU.ActiveCfg = Debug|Any CPU
		{2C24D515-4A2C-445C-8419-C09231913CFA}.Debug|Any CPU.Build.0 = Debug|Any CPU
		{2C24D515-4A2C-445C-8419-C09231913CFA}.Debug|x86.ActiveCfg = Debug|Any CPU
		{2C24D515-4A2C-445C-8419-C09231913CFA}.Debug|x86.Build.0 = Debug|Any CPU
		{2C24D515-4A2C-445C-8419-C09231913CFA}.Release|Any CPU.ActiveCfg = Release|Any CPU
		{2C24D515-4A2C-445C-8419-C09231913CFA}.Release|Any CPU.Build.0 = Release|Any CPU
		{3A9AE6AA-BC07-4A2F-972C-581E3AE2F195}.Debug|Any CPU.ActiveCfg = Debug|Any CPU
		{3A9AE6AA-BC07-4A2F-972C-581E3AE2F195}.Debug|Any CPU.Build.0 = Debug|Any CPU
		{3A9AE6AA-BC07-4A2F-972C-581E3AE2F195}.Release|Any CPU.ActiveCfg = Release|Any CPU
		{3A9AE6AA-BC07-4A2F-972C-581E3AE2F195}.Release|Any CPU.Build.0 = Release|Any CPU
		{4F2E994F-E4F5-407A-8D80-80E3377DEF6E}.Debug|Any CPU.ActiveCfg = Debug|Any CPU
		{4F2E994F-E4F5-407A-8D80-80E3377DEF6E}.Debug|Any CPU.Build.0 = Debug|Any CPU
		{4F2E994F-E4F5-407A-8D80-80E3377DEF6E}.Debug|x86.ActiveCfg = Debug|Any CPU
		{4F2E994F-E4F5-407A-8D80-80E3377DEF6E}.Debug|x86.Build.0 = Debug|Any CPU
		{4F2E994F-E4F5-407A-8D80-80E3377DEF6E}.Release|Any CPU.ActiveCfg = Release|Any CPU
		{4F2E994F-E4F5-407A-8D80-80E3377DEF6E}.Release|Any CPU.Build.0 = Release|Any CPU
		{7525BB88-6142-4A26-93B9-A30C6983390A}.Debug|Any CPU.ActiveCfg = Debug|Any CPU
		{7525BB88-6142-4A26-93B9-A30C6983390A}.Debug|Any CPU.Build.0 = Debug|Any CPU
		{7525BB88-6142-4A26-93B9-A30C6983390A}.Release|Any CPU.ActiveCfg = Release|Any CPU
		{7525BB88-6142-4A26-93B9-A30C6983390A}.Release|Any CPU.Build.0 = Release|Any CPU
		{8951D80F-B2D6-4B4E-B119-28FFE3B7B1C0}.Debug|Any CPU.ActiveCfg = Debug|Any CPU
		{8951D80F-B2D6-4B4E-B119-28FFE3B7B1C0}.Debug|Any CPU.Build.0 = Debug|Any CPU
		{8951D80F-B2D6-4B4E-B119-28FFE3B7B1C0}.Debug|x86.ActiveCfg = Debug|Any CPU
		{8951D80F-B2D6-4B4E-B119-28FFE3B7B1C0}.Debug|x86.Build.0 = Debug|Any CPU
		{8951D80F-B2D6-4B4E-B119-28FFE3B7B1C0}.Release|Any CPU.ActiveCfg = Release|Any CPU
		{8951D80F-B2D6-4B4E-B119-28FFE3B7B1C0}.Release|Any CPU.Build.0 = Release|Any CPU
		{90C99ADB-7D4B-4EB4-98C2-40BD1B14C7D2}.Debug|Any CPU.ActiveCfg = Debug|Any CPU
		{90C99ADB-7D4B-4EB4-98C2-40BD1B14C7D2}.Debug|Any CPU.Build.0 = Debug|Any CPU
		{90C99ADB-7D4B-4EB4-98C2-40BD1B14C7D2}.Debug|x86.ActiveCfg = Debug|Any CPU
		{90C99ADB-7D4B-4EB4-98C2-40BD1B14C7D2}.Debug|x86.Build.0 = Debug|Any CPU
		{90C99ADB-7D4B-4EB4-98C2-40BD1B14C7D2}.Release|Any CPU.ActiveCfg = Release|Any CPU
		{90C99ADB-7D4B-4EB4-98C2-40BD1B14C7D2}.Release|Any CPU.Build.0 = Release|Any CPU
		{90CBA7FD-CB46-4711-97BB-2420DC01F016}.Debug|Any CPU.ActiveCfg = Debug|Any CPU
		{90CBA7FD-CB46-4711-97BB-2420DC01F016}.Debug|Any CPU.Build.0 = Debug|Any CPU
		{90CBA7FD-CB46-4711-97BB-2420DC01F016}.Debug|x86.ActiveCfg = Debug|Any CPU
		{90CBA7FD-CB46-4711-97BB-2420DC01F016}.Debug|x86.Build.0 = Debug|Any CPU
		{90CBA7FD-CB46-4711-97BB-2420DC01F016}.Release|Any CPU.ActiveCfg = Release|Any CPU
		{90CBA7FD-CB46-4711-97BB-2420DC01F016}.Release|Any CPU.Build.0 = Release|Any CPU
		{9BC670A8-1851-40EC-9685-279F4C98433D}.Debug|Any CPU.ActiveCfg = Debug|Any CPU
		{9BC670A8-1851-40EC-9685-279F4C98433D}.Debug|Any CPU.Build.0 = Debug|Any CPU
		{9BC670A8-1851-40EC-9685-279F4C98433D}.Debug|x86.ActiveCfg = Debug|Any CPU
		{9BC670A8-1851-40EC-9685-279F4C98433D}.Debug|x86.Build.0 = Debug|Any CPU
		{9BC670A8-1851-40EC-9685-279F4C98433D}.Release|Any CPU.ActiveCfg = Release|Any CPU
		{9BC670A8-1851-40EC-9685-279F4C98433D}.Release|Any CPU.Build.0 = Release|Any CPU
		{A2329308-3751-4DBD-9A75-5F7B8B024625}.Debug|Any CPU.ActiveCfg = Debug|Any CPU
		{A2329308-3751-4DBD-9A75-5F7B8B024625}.Debug|Any CPU.Build.0 = Debug|Any CPU
		{A2329308-3751-4DBD-9A75-5F7B8B024625}.Release|Any CPU.ActiveCfg = Release|Any CPU
		{A2329308-3751-4DBD-9A75-5F7B8B024625}.Release|Any CPU.Build.0 = Release|Any CPU
		{A437F1A3-78DF-4F00-8053-D32A8B1EB679}.Debug|Any CPU.ActiveCfg = Debug|Any CPU
		{A437F1A3-78DF-4F00-8053-D32A8B1EB679}.Debug|Any CPU.Build.0 = Debug|Any CPU
		{A437F1A3-78DF-4F00-8053-D32A8B1EB679}.Release|Any CPU.ActiveCfg = Release|Any CPU
		{A437F1A3-78DF-4F00-8053-D32A8B1EB679}.Release|Any CPU.Build.0 = Release|Any CPU
		{D8F63DFF-5230-43E4-9AB2-DA6E721A1FAE}.Debug|Any CPU.ActiveCfg = Debug|Any CPU
		{D8F63DFF-5230-43E4-9AB2-DA6E721A1FAE}.Debug|Any CPU.Build.0 = Debug|Any CPU
		{D8F63DFF-5230-43E4-9AB2-DA6E721A1FAE}.Release|Any CPU.ActiveCfg = Release|Any CPU
		{D8F63DFF-5230-43E4-9AB2-DA6E721A1FAE}.Release|Any CPU.Build.0 = Release|Any CPU
		{DA8EDEA6-7DA8-435D-B1A0-F3A0CA07F424}.Debug|Any CPU.ActiveCfg = Debug|Any CPU
		{DA8EDEA6-7DA8-435D-B1A0-F3A0CA07F424}.Debug|Any CPU.Build.0 = Debug|Any CPU
		{DA8EDEA6-7DA8-435D-B1A0-F3A0CA07F424}.Debug|x86.ActiveCfg = Debug|x86
		{DA8EDEA6-7DA8-435D-B1A0-F3A0CA07F424}.Debug|x86.Build.0 = Debug|x86
		{DA8EDEA6-7DA8-435D-B1A0-F3A0CA07F424}.Release|Any CPU.ActiveCfg = Release|Any CPU
		{DA8EDEA6-7DA8-435D-B1A0-F3A0CA07F424}.Release|Any CPU.Build.0 = Release|Any CPU
	EndGlobalSection
	GlobalSection(NestedProjects) = preSolution
		{90CBA7FD-CB46-4711-97BB-2420DC01F016} = {FA38092D-B853-42E3-B7B7-D88A57F97BE9}
		{8951D80F-B2D6-4B4E-B119-28FFE3B7B1C0} = {FA38092D-B853-42E3-B7B7-D88A57F97BE9}
		{4F2E994F-E4F5-407A-8D80-80E3377DEF6E} = {FA38092D-B853-42E3-B7B7-D88A57F97BE9}
	EndGlobalSection
	GlobalSection(MonoDevelopProperties) = preSolution
		StartupItem = ..\main\src\core\MonoDevelop.Startup\MonoDevelop.Startup.csproj
	EndGlobalSection
EndGlobal
