
Microsoft Visual Studio Solution File, Format Version 10.00
# Visual Studio 2008
Project("{FAE04EC0-301F-11D3-BF4B-00C04F79EFBC}") = "MonoDevelop.IPhone", "MonoDevelop.IPhone\MonoDevelop.IPhone.csproj", "{B9D6A509-8369-4E86-B04E-936491E11801}"
EndProject
Project("{FAE04EC0-301F-11D3-BF4B-00C04F79EFBC}") = "MonoDevelop.Debugger.Soft.IPhone", "MonoDevelop.Debugger.Soft.IPhone\MonoDevelop.Debugger.Soft.IPhone.csproj", "{325F28AD-2C46-4873-AE54-40FCC74C2695}"
EndProject
Global
	GlobalSection(SolutionConfigurationPlatforms) = preSolution
		Debug|Any CPU = Debug|Any CPU
		Release|Any CPU = Release|Any CPU
	EndGlobalSection
	GlobalSection(ProjectConfigurationPlatforms) = postSolution
		{325F28AD-2C46-4873-AE54-40FCC74C2695}.Debug|Any CPU.ActiveCfg = Debug|Any CPU
		{325F28AD-2C46-4873-AE54-40FCC74C2695}.Debug|Any CPU.Build.0 = Debug|Any CPU
		{325F28AD-2C46-4873-AE54-40FCC74C2695}.Release|Any CPU.ActiveCfg = Release|Any CPU
		{325F28AD-2C46-4873-AE54-40FCC74C2695}.Release|Any CPU.Build.0 = Release|Any CPU
		{B9D6A509-8369-4E86-B04E-936491E11801}.Debug|Any CPU.ActiveCfg = Debug|Any CPU
		{B9D6A509-8369-4E86-B04E-936491E11801}.Debug|Any CPU.Build.0 = Debug|Any CPU
		{B9D6A509-8369-4E86-B04E-936491E11801}.Release|Any CPU.ActiveCfg = Release|Any CPU
		{B9D6A509-8369-4E86-B04E-936491E11801}.Release|Any CPU.Build.0 = Release|Any CPU
	EndGlobalSection
	GlobalSection(MonoDevelopProperties) = preSolution
		StartupItem = MonoDevelop.IPhone\MonoDevelop.IPhone.csproj
		Policies = $0
		$0.DotNetNamingPolicy = $1
		$1.DirectoryNamespaceAssociation = PrefixedFlat
		$1.ResourceNamePolicy = FileName
		$0.ChangeLogPolicy = $2
		$2.UpdateMode = ProjectRoot
		$2.inheritsSet = Mono
	EndGlobalSection
EndGlobal
