
Microsoft Visual Studio Solution File, Format Version 10.00
# Visual Studio 2008
Project("{FAE04EC0-301F-11D3-BF4B-00C04F79EFBC}") = "ValaBinding", "ValaBinding.csproj", "{B94D7749-EA5C-48DD-8849-B3924A860DDC}"
EndProject
Global
	GlobalSection(SolutionConfigurationPlatforms) = preSolution
		Debug|Any CPU = Debug|Any CPU
		Release|Any CPU = Release|Any CPU
	EndGlobalSection
	GlobalSection(ProjectConfigurationPlatforms) = postSolution
		{B94D7749-EA5C-48DD-8849-B3924A860DDC}.Debug|Any CPU.ActiveCfg = Debug|Any CPU
		{B94D7749-EA5C-48DD-8849-B3924A860DDC}.Debug|Any CPU.Build.0 = Debug|Any CPU
		{B94D7749-EA5C-48DD-8849-B3924A860DDC}.Release|Any CPU.ActiveCfg = Release|Any CPU
		{B94D7749-EA5C-48DD-8849-B3924A860DDC}.Release|Any CPU.Build.0 = Release|Any CPU
	EndGlobalSection
	GlobalSection(MonoDevelopProperties) = preSolution
		name = ValaBinding
		version = 0.1
		StartupItem = ValaBinding.csproj
	EndGlobalSection
EndGlobal
