
Microsoft Visual Studio Solution File, Format Version 12.00
# Visual Studio 15
Project("{FAE04EC0-301F-11D3-BF4B-00C04F79EFBC}") = "sdk-library", "sdk-library\sdk-library.csproj", "{2FBB7AB9-946D-48A2-863C-88213F1CC739}"
EndProject
Global
	GlobalSection(SolutionConfigurationPlatforms) = preSolution
		Debug|Any CPU = Debug|Any CPU
		Release|Any CPU = Release|Any CPU
	EndGlobalSection
	GlobalSection(ProjectConfigurationPlatforms) = postSolution
		{2FBB7AB9-946D-48A2-863C-88213F1CC739}.Debug|Any CPU.ActiveCfg = Debug|Any CPU
		{2FBB7AB9-946D-48A2-863C-88213F1CC739}.Debug|Any CPU.Build.0 = Debug|Any CPU
		{2FBB7AB9-946D-48A2-863C-88213F1CC739}.Release|Any CPU.ActiveCfg = Release|Any CPU
		{2FBB7AB9-946D-48A2-863C-88213F1CC739}.Release|Any CPU.Build.0 = Release|Any CPU
	EndGlobalSection
EndGlobal
