
Microsoft Visual Studio Solution File, Format Version 12.00
# Visual Studio 15
Project("{FAE04EC0-301F-11D3-BF4B-00C04F79EFBC}") = "test-symlinked-file", "test-symlinked-file.csproj", "{257EA925-1DF7-4C37-B3E1-4122647A2523}"
EndProject
Global
	GlobalSection(SolutionConfigurationPlatforms) = preSolution
		Debug|x86 = Debug|x86
		Release|x86 = Release|x86
	EndGlobalSection
	GlobalSection(ProjectConfigurationPlatforms) = postSolution
		{257EA925-1DF7-4C37-B3E1-4122647A2523}.Debug|x86.ActiveCfg = Debug|x86
		{257EA925-1DF7-4C37-B3E1-4122647A2523}.Debug|x86.Build.0 = Debug|x86
		{257EA925-1DF7-4C37-B3E1-4122647A2523}.Release|x86.ActiveCfg = Release|x86
		{257EA925-1DF7-4C37-B3E1-4122647A2523}.Release|x86.Build.0 = Release|x86
	EndGlobalSection
EndGlobal
