
Microsoft Visual Studio Solution File, Format Version 12.00
# Visual Studio 15
Project("{FAE04EC0-301F-11D3-BF4B-00C04F79EFBC}") = "StrictNuGetDependency", "StrictNuGetDependency.csproj", "{2B42BCDC-B50D-4529-85D8-D7FDEFB3447F}"
EndProject
Global
	GlobalSection(SolutionConfigurationPlatforms) = preSolution
		Debug|Any CPU = Debug|Any CPU
		Release|Any CPU = Release|Any CPU
	EndGlobalSection
	GlobalSection(ProjectConfigurationPlatforms) = postSolution
		{2B42BCDC-B50D-4529-85D8-D7FDEFB3447F}.Debug|Any CPU.ActiveCfg = Debug|Any CPU
		{2B42BCDC-B50D-4529-85D8-D7FDEFB3447F}.Debug|Any CPU.Build.0 = Debug|Any CPU
		{2B42BCDC-B50D-4529-85D8-D7FDEFB3447F}.Release|Any CPU.ActiveCfg = Release|Any CPU
		{2B42BCDC-B50D-4529-85D8-D7FDEFB3447F}.Release|Any CPU.Build.0 = Release|Any CPU
	EndGlobalSection
EndGlobal
