
Microsoft Visual Studio Solution File, Format Version 12.00
# Visual Studio 2012
Project("{FAE04EC0-301F-11D3-BF4B-00C04F79EFBC}") = "Root", "Root.csproj", "{8E6D9E82-5FF9-4618-9CA9-1BD47C59EEAF}"
EndProject
Global
	GlobalSection(SolutionConfigurationPlatforms) = preSolution
		Debug|Any CPU = Debug|Any CPU
		Release|Any CPU = Release|Any CPU
	EndGlobalSection
	GlobalSection(ProjectConfigurationPlatforms) = postSolution
		{8E6D9E82-5FF9-4618-9CA9-1BD47C59EEAF}.Debug|Any CPU.ActiveCfg = Debug|Any CPU
		{8E6D9E82-5FF9-4618-9CA9-1BD47C59EEAF}.Debug|Any CPU.Build.0 = Debug|Any CPU
		{8E6D9E82-5FF9-4618-9CA9-1BD47C59EEAF}.Release|Any CPU.ActiveCfg = Release|Any CPU
		{8E6D9E82-5FF9-4618-9CA9-1BD47C59EEAF}.Release|Any CPU.Build.0 = Release|Any CPU
	EndGlobalSection
EndGlobal
