
Microsoft Visual Studio Solution File, Format Version 10.00
# Visual Studio 2008
Project("{FAE04EC0-301F-11D3-BF4B-00C04F79EFBC}") = "Core", "..\..\WindowsAPICodePack\Core\Core.csproj", "{2E1FB0DF-F9BB-4909-9F32-2D9D022A8E57}"
EndProject
Project("{FAE04EC0-301F-11D3-BF4B-00C04F79EFBC}") = "ExtendedLinguisticServices", "..\..\WindowsAPICodePack\ExtendedLinguisticServices\ExtendedLinguisticServices.csproj", "{B2CE24B7-FC5D-49AC-806F-1D88F78A31E9}"
EndProject
Project("{FAE04EC0-301F-11D3-BF4B-00C04F79EFBC}") = "Sensors", "..\..\WindowsAPICodePack\Sensors\Sensors.csproj", "{31421787-1A3C-427C-A8AD-C7E2561B2956}"
EndProject
Project("{FAE04EC0-301F-11D3-BF4B-00C04F79EFBC}") = "Shell", "..\..\WindowsAPICodePack\Shell\Shell.csproj", "{AA0C00CB-8699-4F37-BFAE-40CA87ACC06D}"
EndProject
Project("{FAE04EC0-301F-11D3-BF4B-00C04F79EFBC}") = "CoreTests", "..\..\Tests\Core\CoreTests.csproj", "{605A0E8A-E237-4240-9727-73D927556862}"
EndProject
Project("{FAE04EC0-301F-11D3-BF4B-00C04F79EFBC}") = "ExtendedLinguisticServicesTests", "..\..\Tests\ExtendedLinguisticServices\ExtendedLinguisticServicesTests.csproj", "{3995A0E5-379E-4682-9986-473AF4E7E818}"
EndProject
Project("{FAE04EC0-301F-11D3-BF4B-00C04F79EFBC}") = "SensorsTests", "..\..\Tests\Sensors\SensorsTests.csproj", "{730B7513-6B75-4D76-9CB4-18214FD58263}"
EndProject
Project("{FAE04EC0-301F-11D3-BF4B-00C04F79EFBC}") = "ShellTests", "..\..\Tests\Shell\ShellTests.csproj", "{69A3898C-DD4B-4DED-B1FE-AB2F9E539E66}"
EndProject
Project("{2150E333-8FDC-42A3-9474-1A3956D46DE8}") = "Codepack", "Codepack", "{6AAB4EA3-E304-476E-8E31-71028C706752}"
EndProject
Project("{2150E333-8FDC-42A3-9474-1A3956D46DE8}") = "Tests", "Tests", "{CD4553DF-D5CF-470A-B296-6D746F29B05B}"
EndProject
Project("{2150E333-8FDC-42A3-9474-1A3956D46DE8}") = "Samples", "Samples", "{F56C4DA5-B2E1-410E-8B50-7D835AA5DDF2}"
EndProject
Project("{FAE04EC0-301F-11D3-BF4B-00C04F79EFBC}") = "WpfGlassDemo", "..\AeroGlass\CS\WpfGlassDemo\WpfGlassDemo.csproj", "{CDC3EC63-D7F4-4854-833B-169A1FDA3589}"
EndProject
Project("{FAE04EC0-301F-11D3-BF4B-00C04F79EFBC}") = "WindowsFormsGlassDemo", "..\AeroGlass\CS\WindowsFormsGlassDemo\WindowsFormsGlassDemo.csproj", "{6A9E5882-8DC2-4F64-9D9A-2FC4B4533A7E}"
EndProject
Project("{2150E333-8FDC-42A3-9474-1A3956D46DE8}") = "CS", "CS", "{ACA7AC56-13ED-4A71-9827-05FE1CF639C8}"
EndProject
Project("{2150E333-8FDC-42A3-9474-1A3956D46DE8}") = "VB", "VB", "{CA6B148C-136E-4580-8877-75CAE7B40507}"
EndProject
Project("{F184B08F-C81C-45F6-A57F-5ABD9991F28F}") = "WindowsFormsGlassDemo", "..\AeroGlass\VB\WindowsFormsGlassDemo\WindowsFormsGlassDemo.vbproj", "{EDC1FA53-E3D6-4C0D-88B1-4684847D4E0E}"
EndProject
Project("{F184B08F-C81C-45F6-A57F-5ABD9991F28F}") = "WpfGlassDemo", "..\AeroGlass\VB\WpfGlassDemo\WpfGlassDemo.vbproj", "{749DED8B-DB4E-4CF5-BFAE-5CAB791BC5EC}"
EndProject
Project("{FAE04EC0-301F-11D3-BF4B-00C04F79EFBC}") = "AppRestartRecoveryDemo", "..\AppRestartRecoveryDemo\CS\AppRestartRecoveryDemo.csproj", "{DEB4C1CC-0745-4C96-9AE2-E24F29D558D1}"
EndProject
Project("{F184B08F-C81C-45F6-A57F-5ABD9991F28F}") = "AppRestartRecoveryDemo", "..\AppRestartRecoveryDemo\VB\AppRestartRecoveryDemo.vbproj", "{0FEEF2BF-058C-49E9-938C-EA41768A1998}"
EndProject
Project("{FAE04EC0-301F-11D3-BF4B-00C04F79EFBC}") = "ExplorerBrowserDemo", "..\ExplorerBrowser\CS\WinForms\ExplorerBrowserDemo.csproj", "{2AACFF7E-F4B1-44F6-92C6-20ACBB647A4D}"
EndProject
Project("{FAE04EC0-301F-11D3-BF4B-00C04F79EFBC}") = "WPFExplorerBrowserDemo", "..\ExplorerBrowser\CS\WPF\WPFExplorerBrowserDemo\WPFExplorerBrowserDemo.csproj", "{85C322BA-C046-4416-87D2-D79AE92A1E65}"
EndProject
Project("{F184B08F-C81C-45F6-A57F-5ABD9991F28F}") = "ExplorerBrowserDemo", "..\ExplorerBrowser\VB\WinForms\ExplorerBrowserDemo.vbproj", "{63451B99-617D-40BF-88AE-F5E8643F9FBA}"
EndProject
Project("{F184B08F-C81C-45F6-A57F-5ABD9991F28F}") = "WPFExplorerBrowserDemo", "..\ExplorerBrowser\VB\WPF\WPFExplorerBrowserDemo\WPFExplorerBrowserDemo.vbproj", "{222AD218-65BD-4F71-AF7F-8EA742DF645F}"
EndProject
Project("{FAE04EC0-301F-11D3-BF4B-00C04F79EFBC}") = "ELSSamples", "..\ExtendedLinguisticServices\ELSDemo\CS\ELSSamples.csproj", "{238AF76E-0D42-4F01-A852-12E65D84A885}"
EndProject
Project("{F184B08F-C81C-45F6-A57F-5ABD9991F28F}") = "ELSSamples", "..\ExtendedLinguisticServices\ELSDemo\VB\ELSSamples.vbproj", "{A5B41CCB-A5AE-46CD-A49B-847677402DB2}"
EndProject
Project("{FAE04EC0-301F-11D3-BF4B-00C04F79EFBC}") = "Transliterator", "..\ExtendedLinguisticServices\Transliterator\CS\Transliterator.csproj", "{24435C75-34D7-48A7-A5C5-248782EABB93}"
EndProject
Project("{F184B08F-C81C-45F6-A57F-5ABD9991F28F}") = "Transliterator", "..\ExtendedLinguisticServices\Transliterator\VB\Transliterator.vbproj", "{5D831085-1147-452A-9863-BDFE6DB85C89}"
EndProject
Project("{FAE04EC0-301F-11D3-BF4B-00C04F79EFBC}") = "NetworkDemo", "..\NetworkDemo\CS\NetworkDemo.csproj", "{D700D10F-A974-4072-BE67-E2F712F9E055}"
EndProject
Project("{F184B08F-C81C-45F6-A57F-5ABD9991F28F}") = "NetworkDemo", "..\NetworkDemo\VB\NetworkDemo.vbproj", "{4C2C740C-F3CC-40F9-943B-34D61B4BD346}"
EndProject
Project("{FAE04EC0-301F-11D3-BF4B-00C04F79EFBC}") = "PowerMgmtDemo", "..\PowerMgmtDemo\CS\PowerMgmtDemo\PowerMgmtDemo.csproj", "{1767FA65-426B-4555-9049-01DB8DCEA5A8}"
EndProject
Project("{F184B08F-C81C-45F6-A57F-5ABD9991F28F}") = "PowerMgmtDemo", "..\PowerMgmtDemo\VB\PowerMgmtDemo\PowerMgmtDemo.vbproj", "{F2133A77-7E62-41AB-B98D-20D37079540E}"
EndProject
Project("{FAE04EC0-301F-11D3-BF4B-00C04F79EFBC}") = "AccelerationMeasurement", "..\Sensors\CS\AccelerationMeasurement\AccelerationMeasurement.csproj", "{3F23C7FA-1E3C-4FE1-A727-D204F54D3883}"
EndProject
Project("{FAE04EC0-301F-11D3-BF4B-00C04F79EFBC}") = "AmbientLightMeasurement", "..\Sensors\CS\AmbientLightMeasurement\AmbientLightMeasurement.csproj", "{E17BF7BD-6E9A-49C6-AFA7-BF36458B5A17}"
EndProject
Project("{F184B08F-C81C-45F6-A57F-5ABD9991F28F}") = "AccelerationMeasurement", "..\Sensors\VB\AccelerationMeasurement\AccelerationMeasurement.vbproj", "{A3F3C344-70A8-4979-8855-B8F8C652D6CC}"
EndProject
Project("{F184B08F-C81C-45F6-A57F-5ABD9991F28F}") = "AmbientLightMeasurement", "..\Sensors\VB\AmbientLightMeasurement\AmbientLightMeasurement.vbproj", "{FF67662F-F407-44E5-831F-0A6B2F5AC79B}"
EndProject
Project("{FAE04EC0-301F-11D3-BF4B-00C04F79EFBC}") = "TaskDialogDemo", "..\TaskDialogDemo\CS\TaskDialogDemo\TaskDialogDemo.csproj", "{C6EC6389-2624-48AF-ACEC-4583435AF148}"
EndProject
Project("{F184B08F-C81C-45F6-A57F-5ABD9991F28F}") = "TaskDialogDemo", "..\TaskDialogDemo\VB\TaskDialogDemo\TaskDialogDemo.vbproj", "{74F14777-DB36-4D3A-AC8B-CA2FDBC15DFC}"
EndProject
Project("{FAE04EC0-301F-11D3-BF4B-00C04F79EFBC}") = "CommonFileDialogsDemo", "..\Shell\CommonFileDialogsDemo\CS\CommonFileDialogsDemo\CommonFileDialogsDemo.csproj", "{999D4DCE-5E0E-4DA9-8C42-8889FEC751F3}"
EndProject
Project("{FAE04EC0-301F-11D3-BF4B-00C04F79EFBC}") = "CustomFileDialogsDemo", "..\Shell\CustomCommonFileDialogsDemo\CS\CustomFileDialogsDemo.csproj", "{A204460D-EF59-4131-AA15-B5B7206333A0}"
EndProject
Project("{FAE04EC0-301F-11D3-BF4B-00C04F79EFBC}") = "ShellObjectDragAndDropDemo", "..\Shell\DragAndDrop\CS\WPF\ShellObjectDragAndDrop\ShellObjectDragAndDropDemo.csproj", "{59BE0CCF-98FE-415A-89EE-F646082B5E07}"
EndProject
Project("{FAE04EC0-301F-11D3-BF4B-00C04F79EFBC}") = "KnownFoldersBrowser", "..\Shell\KnownFoldersBrowser\CS\KnownFoldersBrowser\KnownFoldersBrowser.csproj", "{FC25A058-BA33-42A2-B172-439D56CFE835}"
EndProject
Project("{FAE04EC0-301F-11D3-BF4B-00C04F79EFBC}") = "PicturePropertiesEditor", "..\Shell\PicturePropertiesEditor\CS\PicturePropertiesEditor.csproj", "{B83D884E-57E6-476A-BC83-78E2892C44F8}"
EndProject
Project("{FAE04EC0-301F-11D3-BF4B-00C04F79EFBC}") = "PropertyEdit", "..\Shell\PropertyEditDemo\CS\PropertyEdit\PropertyEdit.csproj", "{4948B64F-7008-44D2-872E-21A642759B62}"
EndProject
Project("{FAE04EC0-301F-11D3-BF4B-00C04F79EFBC}") = "SearchApp", "..\Shell\SearchApplication\CS\SearchApp\SearchApp.csproj", "{B749F100-EACD-46F1-B7D1-CB0CA9E30AB6}"
EndProject
Project("{FAE04EC0-301F-11D3-BF4B-00C04F79EFBC}") = "ShellHierarchyTreeDemo", "..\Shell\ShellHierarchyTreeDemo\CS\ShellHierarchyTreeDemo.csproj", "{E2220BCE-2FA7-4E0E-9793-803CE0EE5F3F}"
EndProject
Project("{FAE04EC0-301F-11D3-BF4B-00C04F79EFBC}") = "ShellThumbnailBrowserDemo", "..\Shell\ShellThumbnailBrowserDemo\CS\ThumbnailBrowserDemo\ShellThumbnailBrowserDemo.csproj", "{86FF8635-74BE-4EA4-A29E-01E3FFB2E45D}"
EndProject
Project("{FAE04EC0-301F-11D3-BF4B-00C04F79EFBC}") = "StarBackupUsingLibraries", "..\Shell\StarBackupUsingLibraries\CS\StarBackupUsingLibraries.csproj", "{709ECE68-5107-4C42-8A92-AD9A79EAC07E}"
EndProject
Project("{FAE04EC0-301F-11D3-BF4B-00C04F79EFBC}") = "StockIconsDemo", "..\Shell\StockIconsDemo\CS\StockIconsDemo\StockIconsDemo.csproj", "{F5F48434-A2BD-4065-9EAC-C9B028C5C05F}"
EndProject
Project("{FAE04EC0-301F-11D3-BF4B-00C04F79EFBC}") = "TabbedThumbnailDemoWinforms", "..\Shell\TabbedThumbnailDemo\CS\Winforms\TabbedThumbnailDemoWinforms.csproj", "{69865974-3934-4060-B9F5-29B5FAE26DF7}"
EndProject
Project("{FAE04EC0-301F-11D3-BF4B-00C04F79EFBC}") = "RegistrationHelper", "..\Shell\TaskbarDemo\CS\RegistrationHelper\RegistrationHelper.csproj", "{03F9F5A8-F3F4-499A-8B15-57ADBA5148CC}"
EndProject
Project("{FAE04EC0-301F-11D3-BF4B-00C04F79EFBC}") = "TaskbarDemo", "..\Shell\TaskbarDemo\CS\TaskbarDemo\TaskbarDemo.csproj", "{12F17213-0DEC-41E6-91EB-48C74A0B6AB0}"
EndProject
Project("{FAE04EC0-301F-11D3-BF4B-00C04F79EFBC}") = "ThumbnailToolbarDemoWinforms", "..\Shell\ThumbnailToolbarDemo\CS\Winforms\ThumbnailToolbarDemoWinforms.csproj", "{FEE9384C-251C-4D42-A190-F89775D339F1}"
EndProject
Project("{FAE04EC0-301F-11D3-BF4B-00C04F79EFBC}") = "ThumbnailToolbarDemoWPF", "..\Shell\ThumbnailToolbarDemo\CS\WPF\ThumbnailToolbarDemoWPF.csproj", "{52A6AB4A-F177-4133-93B0-24BE2F350055}"
EndProject
Project("{F184B08F-C81C-45F6-A57F-5ABD9991F28F}") = "CommonFileDialogsDemo", "..\Shell\CommonFileDialogsDemo\VB\CommonFileDialogsDemo\CommonFileDialogsDemo.vbproj", "{5D3C35B1-43E3-4B09-8798-3AD7594F2B84}"
EndProject
Project("{F184B08F-C81C-45F6-A57F-5ABD9991F28F}") = "CustomFileDialogsDemo", "..\Shell\CustomCommonFileDialogsDemo\VB\CustomFileDialogsDemo.vbproj", "{C93D705C-E4C2-485F-9359-5C47A013A06A}"
EndProject
Project("{F184B08F-C81C-45F6-A57F-5ABD9991F28F}") = "ShellObjectDragAndDropDemo", "..\Shell\DragAndDrop\VB\WPF\ShellObjectDragAndDrop\ShellObjectDragAndDropDemo.vbproj", "{D3512DD4-3251-47C9-90AA-54407029FACC}"
EndProject
Project("{F184B08F-C81C-45F6-A57F-5ABD9991F28F}") = "KnownFoldersBrowser", "..\Shell\KnownFoldersBrowser\VB\KnownFoldersBrowser\KnownFoldersBrowser.vbproj", "{602DAD34-1C30-4CA8-B20A-7E03F04F6C65}"
EndProject
Project("{F184B08F-C81C-45F6-A57F-5ABD9991F28F}") = "PicturePropertiesEditor", "..\Shell\PicturePropertiesEditor\VB\PicturePropertiesEditor.vbproj", "{9A9226D8-65A8-4D3C-A602-74F177D054CE}"
EndProject
Project("{F184B08F-C81C-45F6-A57F-5ABD9991F28F}") = "PropertyEdit", "..\Shell\PropertyEditDemo\VB\PropertyEdit\PropertyEdit.vbproj", "{A3064FB2-57BA-486E-BCE1-E84C798D31F5}"
EndProject
Project("{F184B08F-C81C-45F6-A57F-5ABD9991F28F}") = "SearchApp", "..\Shell\SearchApplication\VB\SearchApp\SearchApp.vbproj", "{D7FA0CF2-AD5E-43AC-86F8-B8D3F560A475}"
EndProject
Project("{F184B08F-C81C-45F6-A57F-5ABD9991F28F}") = "ShellHierarchyTreeDemo", "..\Shell\ShellHierarchyTreeDemo\VB\ShellHierarchyTreeDemo.vbproj", "{B4D3EF7E-FDA1-4AF5-A274-8317BB83F718}"
EndProject
Project("{F184B08F-C81C-45F6-A57F-5ABD9991F28F}") = "ShellThumbnailBrowserDemo", "..\Shell\ShellThumbnailBrowserDemo\VB\ThumbnailBrowserDemo\ShellThumbnailBrowserDemo.vbproj", "{58604E0E-E8B1-4D22-9751-5B4EB574BA6A}"
EndProject
Project("{F184B08F-C81C-45F6-A57F-5ABD9991F28F}") = "StarBackupUsingLibraries", "..\Shell\StarBackupUsingLibraries\VB\StarBackupUsingLibraries.vbproj", "{BE1CD7DB-FFE0-4317-B975-76CA7D726715}"
EndProject
Project("{F184B08F-C81C-45F6-A57F-5ABD9991F28F}") = "StockIconsDemo", "..\Shell\StockIconsDemo\VB\StockIconsDemo\StockIconsDemo.vbproj", "{676A1177-EAE2-400A-931A-E1BA31E81908}"
EndProject
Project("{F184B08F-C81C-45F6-A57F-5ABD9991F28F}") = "TabbedThumbnailDemoWinforms", "..\Shell\TabbedThumbnailDemo\VB\Winforms\TabbedThumbnailDemoWinforms.vbproj", "{E17540B9-E5FC-489F-8AE6-38657ED9998D}"
EndProject
Project("{F184B08F-C81C-45F6-A57F-5ABD9991F28F}") = "RegistrationHelper", "..\Shell\TaskbarDemo\VB\RegistrationHelper\RegistrationHelper.vbproj", "{A1AC4592-6309-492C-B0F1-C9241886718F}"
EndProject
Project("{F184B08F-C81C-45F6-A57F-5ABD9991F28F}") = "TaskbarDemo", "..\Shell\TaskbarDemo\VB\TaskbarDemo\TaskbarDemo.vbproj", "{981637D1-48D8-4763-B0FC-B3A2E3E199A0}"
EndProject
Project("{F184B08F-C81C-45F6-A57F-5ABD9991F28F}") = "ThumbnailToolbarDemoWinforms", "..\Shell\ThumbnailToolbarDemo\VB\Winforms\ThumbnailToolbarDemoWinforms.vbproj", "{8618F7BE-4377-4537-AA9E-53C11352FAB3}"
EndProject
Project("{F184B08F-C81C-45F6-A57F-5ABD9991F28F}") = "ThumbnailToolbarDemoWPF", "..\Shell\ThumbnailToolbarDemo\VB\WPF\ThumbnailToolbarDemoWPF.vbproj", "{43619AA5-B3A2-47B9-A3B1-8B80BE502FD9}"
EndProject
Project("{FAE04EC0-301F-11D3-BF4B-00C04F79EFBC}") = "ShellObjectWatcherSampleWPF", "..\ShellObjectWatcherSampleWPF\ShellObjectWatcherSampleWPF.csproj", "{6B0D8019-50D6-446F-998D-B24384FB3025}"
EndProject
Global

	GlobalSection(SolutionConfigurationPlatforms) = preSolution
		Debug|Any CPU = Debug|Any CPU
		Release|Any CPU = Release|Any CPU
	EndGlobalSection
	GlobalSection(ProjectConfigurationPlatforms) = postSolution
		{2E1FB0DF-F9BB-4909-9F32-2D9D022A8E57}.Debug|Any CPU.ActiveCfg = Debug|Any CPU
		{2E1FB0DF-F9BB-4909-9F32-2D9D022A8E57}.Debug|Any CPU.Build.0 = Debug|Any CPU
		{2E1FB0DF-F9BB-4909-9F32-2D9D022A8E57}.Release|Any CPU.ActiveCfg = Release|Any CPU
		{2E1FB0DF-F9BB-4909-9F32-2D9D022A8E57}.Release|Any CPU.Build.0 = Release|Any CPU
		{B2CE24B7-FC5D-49AC-806F-1D88F78A31E9}.Debug|Any CPU.ActiveCfg = Debug|Any CPU
		{B2CE24B7-FC5D-49AC-806F-1D88F78A31E9}.Debug|Any CPU.Build.0 = Debug|Any CPU
		{B2CE24B7-FC5D-49AC-806F-1D88F78A31E9}.Release|Any CPU.ActiveCfg = Release|Any CPU
		{B2CE24B7-FC5D-49AC-806F-1D88F78A31E9}.Release|Any CPU.Build.0 = Release|Any CPU
		{31421787-1A3C-427C-A8AD-C7E2561B2956}.Debug|Any CPU.ActiveCfg = Debug|Any CPU
		{31421787-1A3C-427C-A8AD-C7E2561B2956}.Debug|Any CPU.Build.0 = Debug|Any CPU
		{31421787-1A3C-427C-A8AD-C7E2561B2956}.Release|Any CPU.ActiveCfg = Release|Any CPU
		{31421787-1A3C-427C-A8AD-C7E2561B2956}.Release|Any CPU.Build.0 = Release|Any CPU
		{AA0C00CB-8699-4F37-BFAE-40CA87ACC06D}.Debug|Any CPU.ActiveCfg = Debug|Any CPU
		{AA0C00CB-8699-4F37-BFAE-40CA87ACC06D}.Debug|Any CPU.Build.0 = Debug|Any CPU
		{AA0C00CB-8699-4F37-BFAE-40CA87ACC06D}.Release|Any CPU.ActiveCfg = Release|Any CPU
		{AA0C00CB-8699-4F37-BFAE-40CA87ACC06D}.Release|Any CPU.Build.0 = Release|Any CPU
		{605A0E8A-E237-4240-9727-73D927556862}.Debug|Any CPU.ActiveCfg = Debug|Any CPU
		{605A0E8A-E237-4240-9727-73D927556862}.Debug|Any CPU.Build.0 = Debug|Any CPU
		{605A0E8A-E237-4240-9727-73D927556862}.Release|Any CPU.ActiveCfg = Release|Any CPU
		{605A0E8A-E237-4240-9727-73D927556862}.Release|Any CPU.Build.0 = Release|Any CPU
		{3995A0E5-379E-4682-9986-473AF4E7E818}.Debug|Any CPU.ActiveCfg = Debug|Any CPU
		{3995A0E5-379E-4682-9986-473AF4E7E818}.Debug|Any CPU.Build.0 = Debug|Any CPU
		{3995A0E5-379E-4682-9986-473AF4E7E818}.Release|Any CPU.ActiveCfg = Release|Any CPU
		{3995A0E5-379E-4682-9986-473AF4E7E818}.Release|Any CPU.Build.0 = Release|Any CPU
		{730B7513-6B75-4D76-9CB4-18214FD58263}.Debug|Any CPU.ActiveCfg = Debug|Any CPU
		{730B7513-6B75-4D76-9CB4-18214FD58263}.Debug|Any CPU.Build.0 = Debug|Any CPU
		{730B7513-6B75-4D76-9CB4-18214FD58263}.Release|Any CPU.ActiveCfg = Release|Any CPU
		{730B7513-6B75-4D76-9CB4-18214FD58263}.Release|Any CPU.Build.0 = Release|Any CPU
		{69A3898C-DD4B-4DED-B1FE-AB2F9E539E66}.Debug|Any CPU.ActiveCfg = Debug|Any CPU
		{69A3898C-DD4B-4DED-B1FE-AB2F9E539E66}.Debug|Any CPU.Build.0 = Debug|Any CPU
		{69A3898C-DD4B-4DED-B1FE-AB2F9E539E66}.Release|Any CPU.ActiveCfg = Release|Any CPU
		{69A3898C-DD4B-4DED-B1FE-AB2F9E539E66}.Release|Any CPU.Build.0 = Release|Any CPU
		{CDC3EC63-D7F4-4854-833B-169A1FDA3589}.Debug|Any CPU.ActiveCfg = Debug|Any CPU
		{CDC3EC63-D7F4-4854-833B-169A1FDA3589}.Debug|Any CPU.Build.0 = Debug|Any CPU
		{CDC3EC63-D7F4-4854-833B-169A1FDA3589}.Release|Any CPU.ActiveCfg = Release|Any CPU
		{CDC3EC63-D7F4-4854-833B-169A1FDA3589}.Release|Any CPU.Build.0 = Release|Any CPU
		{6A9E5882-8DC2-4F64-9D9A-2FC4B4533A7E}.Debug|Any CPU.ActiveCfg = Debug|Any CPU
		{6A9E5882-8DC2-4F64-9D9A-2FC4B4533A7E}.Debug|Any CPU.Build.0 = Debug|Any CPU
		{6A9E5882-8DC2-4F64-9D9A-2FC4B4533A7E}.Release|Any CPU.ActiveCfg = Release|Any CPU
		{6A9E5882-8DC2-4F64-9D9A-2FC4B4533A7E}.Release|Any CPU.Build.0 = Release|Any CPU
		{EDC1FA53-E3D6-4C0D-88B1-4684847D4E0E}.Debug|Any CPU.ActiveCfg = Debug|Any CPU
		{EDC1FA53-E3D6-4C0D-88B1-4684847D4E0E}.Debug|Any CPU.Build.0 = Debug|Any CPU
		{EDC1FA53-E3D6-4C0D-88B1-4684847D4E0E}.Release|Any CPU.ActiveCfg = Release|Any CPU
		{EDC1FA53-E3D6-4C0D-88B1-4684847D4E0E}.Release|Any CPU.Build.0 = Release|Any CPU
		{749DED8B-DB4E-4CF5-BFAE-5CAB791BC5EC}.Debug|Any CPU.ActiveCfg = Debug|Any CPU
		{749DED8B-DB4E-4CF5-BFAE-5CAB791BC5EC}.Debug|Any CPU.Build.0 = Debug|Any CPU
		{749DED8B-DB4E-4CF5-BFAE-5CAB791BC5EC}.Release|Any CPU.ActiveCfg = Release|Any CPU
		{749DED8B-DB4E-4CF5-BFAE-5CAB791BC5EC}.Release|Any CPU.Build.0 = Release|Any CPU
		{DEB4C1CC-0745-4C96-9AE2-E24F29D558D1}.Debug|Any CPU.ActiveCfg = Debug|Any CPU
		{DEB4C1CC-0745-4C96-9AE2-E24F29D558D1}.Debug|Any CPU.Build.0 = Debug|Any CPU
		{DEB4C1CC-0745-4C96-9AE2-E24F29D558D1}.Release|Any CPU.ActiveCfg = Release|Any CPU
		{DEB4C1CC-0745-4C96-9AE2-E24F29D558D1}.Release|Any CPU.Build.0 = Release|Any CPU
		{0FEEF2BF-058C-49E9-938C-EA41768A1998}.Debug|Any CPU.ActiveCfg = Debug|Any CPU
		{0FEEF2BF-058C-49E9-938C-EA41768A1998}.Debug|Any CPU.Build.0 = Debug|Any CPU
		{0FEEF2BF-058C-49E9-938C-EA41768A1998}.Release|Any CPU.ActiveCfg = Release|Any CPU
		{0FEEF2BF-058C-49E9-938C-EA41768A1998}.Release|Any CPU.Build.0 = Release|Any CPU
		{2AACFF7E-F4B1-44F6-92C6-20ACBB647A4D}.Debug|Any CPU.ActiveCfg = Debug|Any CPU
		{2AACFF7E-F4B1-44F6-92C6-20ACBB647A4D}.Debug|Any CPU.Build.0 = Debug|Any CPU
		{2AACFF7E-F4B1-44F6-92C6-20ACBB647A4D}.Release|Any CPU.ActiveCfg = Release|Any CPU
		{2AACFF7E-F4B1-44F6-92C6-20ACBB647A4D}.Release|Any CPU.Build.0 = Release|Any CPU
		{85C322BA-C046-4416-87D2-D79AE92A1E65}.Debug|Any CPU.ActiveCfg = Debug|Any CPU
		{85C322BA-C046-4416-87D2-D79AE92A1E65}.Debug|Any CPU.Build.0 = Debug|Any CPU
		{85C322BA-C046-4416-87D2-D79AE92A1E65}.Release|Any CPU.ActiveCfg = Release|Any CPU
		{85C322BA-C046-4416-87D2-D79AE92A1E65}.Release|Any CPU.Build.0 = Release|Any CPU
		{63451B99-617D-40BF-88AE-F5E8643F9FBA}.Debug|Any CPU.ActiveCfg = Debug|Any CPU
		{63451B99-617D-40BF-88AE-F5E8643F9FBA}.Debug|Any CPU.Build.0 = Debug|Any CPU
		{63451B99-617D-40BF-88AE-F5E8643F9FBA}.Release|Any CPU.ActiveCfg = Release|Any CPU
		{63451B99-617D-40BF-88AE-F5E8643F9FBA}.Release|Any CPU.Build.0 = Release|Any CPU
		{222AD218-65BD-4F71-AF7F-8EA742DF645F}.Debug|Any CPU.ActiveCfg = Debug|Any CPU
		{222AD218-65BD-4F71-AF7F-8EA742DF645F}.Debug|Any CPU.Build.0 = Debug|Any CPU
		{222AD218-65BD-4F71-AF7F-8EA742DF645F}.Release|Any CPU.ActiveCfg = Debug|Any CPU
		{222AD218-65BD-4F71-AF7F-8EA742DF645F}.Release|Any CPU.Build.0 = Debug|Any CPU
		{238AF76E-0D42-4F01-A852-12E65D84A885}.Debug|Any CPU.ActiveCfg = Debug|Any CPU
		{238AF76E-0D42-4F01-A852-12E65D84A885}.Debug|Any CPU.Build.0 = Debug|Any CPU
		{238AF76E-0D42-4F01-A852-12E65D84A885}.Release|Any CPU.ActiveCfg = Release|Any CPU
		{238AF76E-0D42-4F01-A852-12E65D84A885}.Release|Any CPU.Build.0 = Release|Any CPU
		{A5B41CCB-A5AE-46CD-A49B-847677402DB2}.Debug|Any CPU.ActiveCfg = Debug|Any CPU
		{A5B41CCB-A5AE-46CD-A49B-847677402DB2}.Debug|Any CPU.Build.0 = Debug|Any CPU
		{A5B41CCB-A5AE-46CD-A49B-847677402DB2}.Release|Any CPU.ActiveCfg = Release|Any CPU
		{A5B41CCB-A5AE-46CD-A49B-847677402DB2}.Release|Any CPU.Build.0 = Release|Any CPU
		{24435C75-34D7-48A7-A5C5-248782EABB93}.Debug|Any CPU.ActiveCfg = Debug|Any CPU
		{24435C75-34D7-48A7-A5C5-248782EABB93}.Debug|Any CPU.Build.0 = Debug|Any CPU
		{24435C75-34D7-48A7-A5C5-248782EABB93}.Release|Any CPU.ActiveCfg = Release|Any CPU
		{24435C75-34D7-48A7-A5C5-248782EABB93}.Release|Any CPU.Build.0 = Release|Any CPU
		{5D831085-1147-452A-9863-BDFE6DB85C89}.Debug|Any CPU.ActiveCfg = Debug|Any CPU
		{5D831085-1147-452A-9863-BDFE6DB85C89}.Debug|Any CPU.Build.0 = Debug|Any CPU
		{5D831085-1147-452A-9863-BDFE6DB85C89}.Release|Any CPU.ActiveCfg = Release|Any CPU
		{5D831085-1147-452A-9863-BDFE6DB85C89}.Release|Any CPU.Build.0 = Release|Any CPU
		{D700D10F-A974-4072-BE67-E2F712F9E055}.Debug|Any CPU.ActiveCfg = Debug|Any CPU
		{D700D10F-A974-4072-BE67-E2F712F9E055}.Debug|Any CPU.Build.0 = Debug|Any CPU
		{D700D10F-A974-4072-BE67-E2F712F9E055}.Release|Any CPU.ActiveCfg = Release|Any CPU
		{D700D10F-A974-4072-BE67-E2F712F9E055}.Release|Any CPU.Build.0 = Release|Any CPU
		{4C2C740C-F3CC-40F9-943B-34D61B4BD346}.Debug|Any CPU.ActiveCfg = Debug|Any CPU
		{4C2C740C-F3CC-40F9-943B-34D61B4BD346}.Debug|Any CPU.Build.0 = Debug|Any CPU
		{4C2C740C-F3CC-40F9-943B-34D61B4BD346}.Release|Any CPU.ActiveCfg = Release|Any CPU
		{4C2C740C-F3CC-40F9-943B-34D61B4BD346}.Release|Any CPU.Build.0 = Release|Any CPU
		{1767FA65-426B-4555-9049-01DB8DCEA5A8}.Debug|Any CPU.ActiveCfg = Debug|Any CPU
		{1767FA65-426B-4555-9049-01DB8DCEA5A8}.Debug|Any CPU.Build.0 = Debug|Any CPU
		{1767FA65-426B-4555-9049-01DB8DCEA5A8}.Release|Any CPU.ActiveCfg = Release|Any CPU
		{1767FA65-426B-4555-9049-01DB8DCEA5A8}.Release|Any CPU.Build.0 = Release|Any CPU
		{F2133A77-7E62-41AB-B98D-20D37079540E}.Debug|Any CPU.ActiveCfg = Debug|Any CPU
		{F2133A77-7E62-41AB-B98D-20D37079540E}.Debug|Any CPU.Build.0 = Debug|Any CPU
		{F2133A77-7E62-41AB-B98D-20D37079540E}.Release|Any CPU.ActiveCfg = Release|Any CPU
		{F2133A77-7E62-41AB-B98D-20D37079540E}.Release|Any CPU.Build.0 = Release|Any CPU
		{3F23C7FA-1E3C-4FE1-A727-D204F54D3883}.Debug|Any CPU.ActiveCfg = Debug|Any CPU
		{3F23C7FA-1E3C-4FE1-A727-D204F54D3883}.Debug|Any CPU.Build.0 = Debug|Any CPU
		{3F23C7FA-1E3C-4FE1-A727-D204F54D3883}.Release|Any CPU.ActiveCfg = Release|Any CPU
		{3F23C7FA-1E3C-4FE1-A727-D204F54D3883}.Release|Any CPU.Build.0 = Release|Any CPU
		{E17BF7BD-6E9A-49C6-AFA7-BF36458B5A17}.Debug|Any CPU.ActiveCfg = Debug|Any CPU
		{E17BF7BD-6E9A-49C6-AFA7-BF36458B5A17}.Debug|Any CPU.Build.0 = Debug|Any CPU
		{E17BF7BD-6E9A-49C6-AFA7-BF36458B5A17}.Release|Any CPU.ActiveCfg = Release|Any CPU
		{E17BF7BD-6E9A-49C6-AFA7-BF36458B5A17}.Release|Any CPU.Build.0 = Release|Any CPU
		{A3F3C344-70A8-4979-8855-B8F8C652D6CC}.Debug|Any CPU.ActiveCfg = Debug|Any CPU
		{A3F3C344-70A8-4979-8855-B8F8C652D6CC}.Debug|Any CPU.Build.0 = Debug|Any CPU
		{A3F3C344-70A8-4979-8855-B8F8C652D6CC}.Release|Any CPU.ActiveCfg = Release|Any CPU
		{A3F3C344-70A8-4979-8855-B8F8C652D6CC}.Release|Any CPU.Build.0 = Release|Any CPU
		{FF67662F-F407-44E5-831F-0A6B2F5AC79B}.Debug|Any CPU.ActiveCfg = Debug|Any CPU
		{FF67662F-F407-44E5-831F-0A6B2F5AC79B}.Debug|Any CPU.Build.0 = Debug|Any CPU
		{FF67662F-F407-44E5-831F-0A6B2F5AC79B}.Release|Any CPU.ActiveCfg = Release|Any CPU
		{FF67662F-F407-44E5-831F-0A6B2F5AC79B}.Release|Any CPU.Build.0 = Release|Any CPU
		{C6EC6389-2624-48AF-ACEC-4583435AF148}.Debug|Any CPU.ActiveCfg = Debug|Any CPU
		{C6EC6389-2624-48AF-ACEC-4583435AF148}.Debug|Any CPU.Build.0 = Debug|Any CPU
		{C6EC6389-2624-48AF-ACEC-4583435AF148}.Release|Any CPU.ActiveCfg = Release|Any CPU
		{C6EC6389-2624-48AF-ACEC-4583435AF148}.Release|Any CPU.Build.0 = Release|Any CPU
		{74F14777-DB36-4D3A-AC8B-CA2FDBC15DFC}.Debug|Any CPU.ActiveCfg = Debug|Any CPU
		{74F14777-DB36-4D3A-AC8B-CA2FDBC15DFC}.Debug|Any CPU.Build.0 = Debug|Any CPU
		{74F14777-DB36-4D3A-AC8B-CA2FDBC15DFC}.Release|Any CPU.ActiveCfg = Release|Any CPU
		{74F14777-DB36-4D3A-AC8B-CA2FDBC15DFC}.Release|Any CPU.Build.0 = Release|Any CPU
		{999D4DCE-5E0E-4DA9-8C42-8889FEC751F3}.Debug|Any CPU.ActiveCfg = Debug|Any CPU
		{999D4DCE-5E0E-4DA9-8C42-8889FEC751F3}.Debug|Any CPU.Build.0 = Debug|Any CPU
		{999D4DCE-5E0E-4DA9-8C42-8889FEC751F3}.Release|Any CPU.ActiveCfg = Release|Any CPU
		{999D4DCE-5E0E-4DA9-8C42-8889FEC751F3}.Release|Any CPU.Build.0 = Release|Any CPU
		{A204460D-EF59-4131-AA15-B5B7206333A0}.Debug|Any CPU.ActiveCfg = Debug|Any CPU
		{A204460D-EF59-4131-AA15-B5B7206333A0}.Debug|Any CPU.Build.0 = Debug|Any CPU
		{A204460D-EF59-4131-AA15-B5B7206333A0}.Release|Any CPU.ActiveCfg = Release|Any CPU
		{A204460D-EF59-4131-AA15-B5B7206333A0}.Release|Any CPU.Build.0 = Release|Any CPU
		{59BE0CCF-98FE-415A-89EE-F646082B5E07}.Debug|Any CPU.ActiveCfg = Debug|Any CPU
		{59BE0CCF-98FE-415A-89EE-F646082B5E07}.Debug|Any CPU.Build.0 = Debug|Any CPU
		{59BE0CCF-98FE-415A-89EE-F646082B5E07}.Release|Any CPU.ActiveCfg = Release|Any CPU
		{59BE0CCF-98FE-415A-89EE-F646082B5E07}.Release|Any CPU.Build.0 = Release|Any CPU
		{FC25A058-BA33-42A2-B172-439D56CFE835}.Debug|Any CPU.ActiveCfg = Debug|Any CPU
		{FC25A058-BA33-42A2-B172-439D56CFE835}.Debug|Any CPU.Build.0 = Debug|Any CPU
		{FC25A058-BA33-42A2-B172-439D56CFE835}.Release|Any CPU.ActiveCfg = Release|Any CPU
		{FC25A058-BA33-42A2-B172-439D56CFE835}.Release|Any CPU.Build.0 = Release|Any CPU
		{B83D884E-57E6-476A-BC83-78E2892C44F8}.Debug|Any CPU.ActiveCfg = Debug|Any CPU
		{B83D884E-57E6-476A-BC83-78E2892C44F8}.Debug|Any CPU.Build.0 = Debug|Any CPU
		{B83D884E-57E6-476A-BC83-78E2892C44F8}.Release|Any CPU.ActiveCfg = Release|Any CPU
		{B83D884E-57E6-476A-BC83-78E2892C44F8}.Release|Any CPU.Build.0 = Release|Any CPU
		{4948B64F-7008-44D2-872E-21A642759B62}.Debug|Any CPU.ActiveCfg = Debug|Any CPU
		{4948B64F-7008-44D2-872E-21A642759B62}.Debug|Any CPU.Build.0 = Debug|Any CPU
		{4948B64F-7008-44D2-872E-21A642759B62}.Release|Any CPU.ActiveCfg = Release|Any CPU
		{4948B64F-7008-44D2-872E-21A642759B62}.Release|Any CPU.Build.0 = Release|Any CPU
		{B749F100-EACD-46F1-B7D1-CB0CA9E30AB6}.Debug|Any CPU.ActiveCfg = Debug|Any CPU
		{B749F100-EACD-46F1-B7D1-CB0CA9E30AB6}.Debug|Any CPU.Build.0 = Debug|Any CPU
		{B749F100-EACD-46F1-B7D1-CB0CA9E30AB6}.Release|Any CPU.ActiveCfg = Release|Any CPU
		{B749F100-EACD-46F1-B7D1-CB0CA9E30AB6}.Release|Any CPU.Build.0 = Release|Any CPU
		{E2220BCE-2FA7-4E0E-9793-803CE0EE5F3F}.Debug|Any CPU.ActiveCfg = Debug|Any CPU
		{E2220BCE-2FA7-4E0E-9793-803CE0EE5F3F}.Debug|Any CPU.Build.0 = Debug|Any CPU
		{E2220BCE-2FA7-4E0E-9793-803CE0EE5F3F}.Release|Any CPU.ActiveCfg = Release|Any CPU
		{E2220BCE-2FA7-4E0E-9793-803CE0EE5F3F}.Release|Any CPU.Build.0 = Release|Any CPU
		{86FF8635-74BE-4EA4-A29E-01E3FFB2E45D}.Debug|Any CPU.ActiveCfg = Debug|Any CPU
		{86FF8635-74BE-4EA4-A29E-01E3FFB2E45D}.Debug|Any CPU.Build.0 = Debug|Any CPU
		{86FF8635-74BE-4EA4-A29E-01E3FFB2E45D}.Release|Any CPU.ActiveCfg = Release|Any CPU
		{86FF8635-74BE-4EA4-A29E-01E3FFB2E45D}.Release|Any CPU.Build.0 = Release|Any CPU
		{709ECE68-5107-4C42-8A92-AD9A79EAC07E}.Debug|Any CPU.ActiveCfg = Debug|Any CPU
		{709ECE68-5107-4C42-8A92-AD9A79EAC07E}.Debug|Any CPU.Build.0 = Debug|Any CPU
		{709ECE68-5107-4C42-8A92-AD9A79EAC07E}.Release|Any CPU.ActiveCfg = Release|Any CPU
		{709ECE68-5107-4C42-8A92-AD9A79EAC07E}.Release|Any CPU.Build.0 = Release|Any CPU
		{F5F48434-A2BD-4065-9EAC-C9B028C5C05F}.Debug|Any CPU.ActiveCfg = Debug|Any CPU
		{F5F48434-A2BD-4065-9EAC-C9B028C5C05F}.Debug|Any CPU.Build.0 = Debug|Any CPU
		{F5F48434-A2BD-4065-9EAC-C9B028C5C05F}.Release|Any CPU.ActiveCfg = Release|Any CPU
		{F5F48434-A2BD-4065-9EAC-C9B028C5C05F}.Release|Any CPU.Build.0 = Release|Any CPU
		{69865974-3934-4060-B9F5-29B5FAE26DF7}.Debug|Any CPU.ActiveCfg = Debug|Any CPU
		{69865974-3934-4060-B9F5-29B5FAE26DF7}.Debug|Any CPU.Build.0 = Debug|Any CPU
		{69865974-3934-4060-B9F5-29B5FAE26DF7}.Release|Any CPU.ActiveCfg = Release|Any CPU
		{69865974-3934-4060-B9F5-29B5FAE26DF7}.Release|Any CPU.Build.0 = Release|Any CPU
		{03F9F5A8-F3F4-499A-8B15-57ADBA5148CC}.Debug|Any CPU.ActiveCfg = Debug|Any CPU
		{03F9F5A8-F3F4-499A-8B15-57ADBA5148CC}.Debug|Any CPU.Build.0 = Debug|Any CPU
		{03F9F5A8-F3F4-499A-8B15-57ADBA5148CC}.Release|Any CPU.ActiveCfg = Release|Any CPU
		{03F9F5A8-F3F4-499A-8B15-57ADBA5148CC}.Release|Any CPU.Build.0 = Release|Any CPU
		{12F17213-0DEC-41E6-91EB-48C74A0B6AB0}.Debug|Any CPU.ActiveCfg = Debug|Any CPU
		{12F17213-0DEC-41E6-91EB-48C74A0B6AB0}.Debug|Any CPU.Build.0 = Debug|Any CPU
		{12F17213-0DEC-41E6-91EB-48C74A0B6AB0}.Release|Any CPU.ActiveCfg = Release|Any CPU
		{12F17213-0DEC-41E6-91EB-48C74A0B6AB0}.Release|Any CPU.Build.0 = Release|Any CPU
		{FEE9384C-251C-4D42-A190-F89775D339F1}.Debug|Any CPU.ActiveCfg = Debug|Any CPU
		{FEE9384C-251C-4D42-A190-F89775D339F1}.Debug|Any CPU.Build.0 = Debug|Any CPU
		{FEE9384C-251C-4D42-A190-F89775D339F1}.Release|Any CPU.ActiveCfg = Release|Any CPU
		{FEE9384C-251C-4D42-A190-F89775D339F1}.Release|Any CPU.Build.0 = Release|Any CPU
		{52A6AB4A-F177-4133-93B0-24BE2F350055}.Debug|Any CPU.ActiveCfg = Debug|Any CPU
		{52A6AB4A-F177-4133-93B0-24BE2F350055}.Debug|Any CPU.Build.0 = Debug|Any CPU
		{52A6AB4A-F177-4133-93B0-24BE2F350055}.Release|Any CPU.ActiveCfg = Release|Any CPU
		{52A6AB4A-F177-4133-93B0-24BE2F350055}.Release|Any CPU.Build.0 = Release|Any CPU
		{5D3C35B1-43E3-4B09-8798-3AD7594F2B84}.Debug|Any CPU.ActiveCfg = Debug|Any CPU
		{5D3C35B1-43E3-4B09-8798-3AD7594F2B84}.Debug|Any CPU.Build.0 = Debug|Any CPU
		{5D3C35B1-43E3-4B09-8798-3AD7594F2B84}.Release|Any CPU.ActiveCfg = Release|Any CPU
		{5D3C35B1-43E3-4B09-8798-3AD7594F2B84}.Release|Any CPU.Build.0 = Release|Any CPU
		{C93D705C-E4C2-485F-9359-5C47A013A06A}.Debug|Any CPU.ActiveCfg = Debug|Any CPU
		{C93D705C-E4C2-485F-9359-5C47A013A06A}.Debug|Any CPU.Build.0 = Debug|Any CPU
		{C93D705C-E4C2-485F-9359-5C47A013A06A}.Release|Any CPU.ActiveCfg = Release|Any CPU
		{C93D705C-E4C2-485F-9359-5C47A013A06A}.Release|Any CPU.Build.0 = Release|Any CPU
		{D3512DD4-3251-47C9-90AA-54407029FACC}.Debug|Any CPU.ActiveCfg = Debug|Any CPU
		{D3512DD4-3251-47C9-90AA-54407029FACC}.Debug|Any CPU.Build.0 = Debug|Any CPU
		{D3512DD4-3251-47C9-90AA-54407029FACC}.Release|Any CPU.ActiveCfg = Release|Any CPU
		{D3512DD4-3251-47C9-90AA-54407029FACC}.Release|Any CPU.Build.0 = Release|Any CPU
		{602DAD34-1C30-4CA8-B20A-7E03F04F6C65}.Debug|Any CPU.ActiveCfg = Debug|Any CPU
		{602DAD34-1C30-4CA8-B20A-7E03F04F6C65}.Debug|Any CPU.Build.0 = Debug|Any CPU
		{602DAD34-1C30-4CA8-B20A-7E03F04F6C65}.Release|Any CPU.ActiveCfg = Release|Any CPU
		{602DAD34-1C30-4CA8-B20A-7E03F04F6C65}.Release|Any CPU.Build.0 = Release|Any CPU
		{9A9226D8-65A8-4D3C-A602-74F177D054CE}.Debug|Any CPU.ActiveCfg = Debug|Any CPU
		{9A9226D8-65A8-4D3C-A602-74F177D054CE}.Debug|Any CPU.Build.0 = Debug|Any CPU
		{9A9226D8-65A8-4D3C-A602-74F177D054CE}.Release|Any CPU.ActiveCfg = Release|Any CPU
		{9A9226D8-65A8-4D3C-A602-74F177D054CE}.Release|Any CPU.Build.0 = Release|Any CPU
		{A3064FB2-57BA-486E-BCE1-E84C798D31F5}.Debug|Any CPU.ActiveCfg = Debug|Any CPU
		{A3064FB2-57BA-486E-BCE1-E84C798D31F5}.Debug|Any CPU.Build.0 = Debug|Any CPU
		{A3064FB2-57BA-486E-BCE1-E84C798D31F5}.Release|Any CPU.ActiveCfg = Release|Any CPU
		{A3064FB2-57BA-486E-BCE1-E84C798D31F5}.Release|Any CPU.Build.0 = Release|Any CPU
		{D7FA0CF2-AD5E-43AC-86F8-B8D3F560A475}.Debug|Any CPU.ActiveCfg = Debug|Any CPU
		{D7FA0CF2-AD5E-43AC-86F8-B8D3F560A475}.Debug|Any CPU.Build.0 = Debug|Any CPU
		{D7FA0CF2-AD5E-43AC-86F8-B8D3F560A475}.Release|Any CPU.ActiveCfg = Release|Any CPU
		{D7FA0CF2-AD5E-43AC-86F8-B8D3F560A475}.Release|Any CPU.Build.0 = Release|Any CPU
		{B4D3EF7E-FDA1-4AF5-A274-8317BB83F718}.Debug|Any CPU.ActiveCfg = Debug|Any CPU
		{B4D3EF7E-FDA1-4AF5-A274-8317BB83F718}.Debug|Any CPU.Build.0 = Debug|Any CPU
		{B4D3EF7E-FDA1-4AF5-A274-8317BB83F718}.Release|Any CPU.ActiveCfg = Release|Any CPU
		{B4D3EF7E-FDA1-4AF5-A274-8317BB83F718}.Release|Any CPU.Build.0 = Release|Any CPU
		{58604E0E-E8B1-4D22-9751-5B4EB574BA6A}.Debug|Any CPU.ActiveCfg = Debug|Any CPU
		{58604E0E-E8B1-4D22-9751-5B4EB574BA6A}.Debug|Any CPU.Build.0 = Debug|Any CPU
		{58604E0E-E8B1-4D22-9751-5B4EB574BA6A}.Release|Any CPU.ActiveCfg = Release|Any CPU
		{58604E0E-E8B1-4D22-9751-5B4EB574BA6A}.Release|Any CPU.Build.0 = Release|Any CPU
		{BE1CD7DB-FFE0-4317-B975-76CA7D726715}.Debug|Any CPU.ActiveCfg = Debug|Any CPU
		{BE1CD7DB-FFE0-4317-B975-76CA7D726715}.Debug|Any CPU.Build.0 = Debug|Any CPU
		{BE1CD7DB-FFE0-4317-B975-76CA7D726715}.Release|Any CPU.ActiveCfg = Release|Any CPU
		{BE1CD7DB-FFE0-4317-B975-76CA7D726715}.Release|Any CPU.Build.0 = Release|Any CPU
		{676A1177-EAE2-400A-931A-E1BA31E81908}.Debug|Any CPU.ActiveCfg = Debug|Any CPU
		{676A1177-EAE2-400A-931A-E1BA31E81908}.Debug|Any CPU.Build.0 = Debug|Any CPU
		{676A1177-EAE2-400A-931A-E1BA31E81908}.Release|Any CPU.ActiveCfg = Release|Any CPU
		{676A1177-EAE2-400A-931A-E1BA31E81908}.Release|Any CPU.Build.0 = Release|Any CPU
		{E17540B9-E5FC-489F-8AE6-38657ED9998D}.Debug|Any CPU.ActiveCfg = Debug|Any CPU
		{E17540B9-E5FC-489F-8AE6-38657ED9998D}.Debug|Any CPU.Build.0 = Debug|Any CPU
		{E17540B9-E5FC-489F-8AE6-38657ED9998D}.Release|Any CPU.ActiveCfg = Release|Any CPU
		{E17540B9-E5FC-489F-8AE6-38657ED9998D}.Release|Any CPU.Build.0 = Release|Any CPU
		{A1AC4592-6309-492C-B0F1-C9241886718F}.Debug|Any CPU.ActiveCfg = Debug|Any CPU
		{A1AC4592-6309-492C-B0F1-C9241886718F}.Debug|Any CPU.Build.0 = Debug|Any CPU
		{A1AC4592-6309-492C-B0F1-C9241886718F}.Release|Any CPU.ActiveCfg = Release|Any CPU
		{A1AC4592-6309-492C-B0F1-C9241886718F}.Release|Any CPU.Build.0 = Release|Any CPU
		{981637D1-48D8-4763-B0FC-B3A2E3E199A0}.Debug|Any CPU.ActiveCfg = Debug|Any CPU
		{981637D1-48D8-4763-B0FC-B3A2E3E199A0}.Debug|Any CPU.Build.0 = Debug|Any CPU
		{981637D1-48D8-4763-B0FC-B3A2E3E199A0}.Release|Any CPU.ActiveCfg = Release|Any CPU
		{981637D1-48D8-4763-B0FC-B3A2E3E199A0}.Release|Any CPU.Build.0 = Release|Any CPU
		{8618F7BE-4377-4537-AA9E-53C11352FAB3}.Debug|Any CPU.ActiveCfg = Debug|Any CPU
		{8618F7BE-4377-4537-AA9E-53C11352FAB3}.Debug|Any CPU.Build.0 = Debug|Any CPU
		{8618F7BE-4377-4537-AA9E-53C11352FAB3}.Release|Any CPU.ActiveCfg = Release|Any CPU
		{8618F7BE-4377-4537-AA9E-53C11352FAB3}.Release|Any CPU.Build.0 = Release|Any CPU
		{43619AA5-B3A2-47B9-A3B1-8B80BE502FD9}.Debug|Any CPU.ActiveCfg = Debug|Any CPU
		{43619AA5-B3A2-47B9-A3B1-8B80BE502FD9}.Debug|Any CPU.Build.0 = Debug|Any CPU
		{43619AA5-B3A2-47B9-A3B1-8B80BE502FD9}.Release|Any CPU.ActiveCfg = Release|Any CPU
		{43619AA5-B3A2-47B9-A3B1-8B80BE502FD9}.Release|Any CPU.Build.0 = Release|Any CPU
		{6B0D8019-50D6-446F-998D-B24384FB3025}.Debug|Any CPU.ActiveCfg = Debug|Any CPU
		{6B0D8019-50D6-446F-998D-B24384FB3025}.Debug|Any CPU.Build.0 = Debug|Any CPU
		{6B0D8019-50D6-446F-998D-B24384FB3025}.Release|Any CPU.ActiveCfg = Release|Any CPU
		{6B0D8019-50D6-446F-998D-B24384FB3025}.Release|Any CPU.Build.0 = Release|Any CPU
	EndGlobalSection
	GlobalSection(SolutionProperties) = preSolution
		HideSolutionNode = FALSE
	EndGlobalSection
	GlobalSection(NestedProjects) = preSolution
		{B2CE24B7-FC5D-49AC-806F-1D88F78A31E9} = {6AAB4EA3-E304-476E-8E31-71028C706752}
		{31421787-1A3C-427C-A8AD-C7E2561B2956} = {6AAB4EA3-E304-476E-8E31-71028C706752}
		{AA0C00CB-8699-4F37-BFAE-40CA87ACC06D} = {6AAB4EA3-E304-476E-8E31-71028C706752}
		{2E1FB0DF-F9BB-4909-9F32-2D9D022A8E57} = {6AAB4EA3-E304-476E-8E31-71028C706752}
		{3995A0E5-379E-4682-9986-473AF4E7E818} = {CD4553DF-D5CF-470A-B296-6D746F29B05B}
		{730B7513-6B75-4D76-9CB4-18214FD58263} = {CD4553DF-D5CF-470A-B296-6D746F29B05B}
		{69A3898C-DD4B-4DED-B1FE-AB2F9E539E66} = {CD4553DF-D5CF-470A-B296-6D746F29B05B}
		{605A0E8A-E237-4240-9727-73D927556862} = {CD4553DF-D5CF-470A-B296-6D746F29B05B}
		{ACA7AC56-13ED-4A71-9827-05FE1CF639C8} = {F56C4DA5-B2E1-410E-8B50-7D835AA5DDF2}
		{CA6B148C-136E-4580-8877-75CAE7B40507} = {F56C4DA5-B2E1-410E-8B50-7D835AA5DDF2}
		{6A9E5882-8DC2-4F64-9D9A-2FC4B4533A7E} = {ACA7AC56-13ED-4A71-9827-05FE1CF639C8}
		{CDC3EC63-D7F4-4854-833B-169A1FDA3589} = {ACA7AC56-13ED-4A71-9827-05FE1CF639C8}
		{DEB4C1CC-0745-4C96-9AE2-E24F29D558D1} = {ACA7AC56-13ED-4A71-9827-05FE1CF639C8}
		{2AACFF7E-F4B1-44F6-92C6-20ACBB647A4D} = {ACA7AC56-13ED-4A71-9827-05FE1CF639C8}
		{85C322BA-C046-4416-87D2-D79AE92A1E65} = {ACA7AC56-13ED-4A71-9827-05FE1CF639C8}
		{238AF76E-0D42-4F01-A852-12E65D84A885} = {ACA7AC56-13ED-4A71-9827-05FE1CF639C8}
		{24435C75-34D7-48A7-A5C5-248782EABB93} = {ACA7AC56-13ED-4A71-9827-05FE1CF639C8}
		{D700D10F-A974-4072-BE67-E2F712F9E055} = {ACA7AC56-13ED-4A71-9827-05FE1CF639C8}
		{1767FA65-426B-4555-9049-01DB8DCEA5A8} = {ACA7AC56-13ED-4A71-9827-05FE1CF639C8}
		{3F23C7FA-1E3C-4FE1-A727-D204F54D3883} = {ACA7AC56-13ED-4A71-9827-05FE1CF639C8}
		{E17BF7BD-6E9A-49C6-AFA7-BF36458B5A17} = {ACA7AC56-13ED-4A71-9827-05FE1CF639C8}
		{C6EC6389-2624-48AF-ACEC-4583435AF148} = {ACA7AC56-13ED-4A71-9827-05FE1CF639C8}
		{999D4DCE-5E0E-4DA9-8C42-8889FEC751F3} = {ACA7AC56-13ED-4A71-9827-05FE1CF639C8}
		{A204460D-EF59-4131-AA15-B5B7206333A0} = {ACA7AC56-13ED-4A71-9827-05FE1CF639C8}
		{59BE0CCF-98FE-415A-89EE-F646082B5E07} = {ACA7AC56-13ED-4A71-9827-05FE1CF639C8}
		{FC25A058-BA33-42A2-B172-439D56CFE835} = {ACA7AC56-13ED-4A71-9827-05FE1CF639C8}
		{B83D884E-57E6-476A-BC83-78E2892C44F8} = {ACA7AC56-13ED-4A71-9827-05FE1CF639C8}
		{4948B64F-7008-44D2-872E-21A642759B62} = {ACA7AC56-13ED-4A71-9827-05FE1CF639C8}
		{B749F100-EACD-46F1-B7D1-CB0CA9E30AB6} = {ACA7AC56-13ED-4A71-9827-05FE1CF639C8}
		{E2220BCE-2FA7-4E0E-9793-803CE0EE5F3F} = {ACA7AC56-13ED-4A71-9827-05FE1CF639C8}
		{86FF8635-74BE-4EA4-A29E-01E3FFB2E45D} = {ACA7AC56-13ED-4A71-9827-05FE1CF639C8}
		{709ECE68-5107-4C42-8A92-AD9A79EAC07E} = {ACA7AC56-13ED-4A71-9827-05FE1CF639C8}
		{F5F48434-A2BD-4065-9EAC-C9B028C5C05F} = {ACA7AC56-13ED-4A71-9827-05FE1CF639C8}
		{69865974-3934-4060-B9F5-29B5FAE26DF7} = {ACA7AC56-13ED-4A71-9827-05FE1CF639C8}
		{03F9F5A8-F3F4-499A-8B15-57ADBA5148CC} = {ACA7AC56-13ED-4A71-9827-05FE1CF639C8}
		{12F17213-0DEC-41E6-91EB-48C74A0B6AB0} = {ACA7AC56-13ED-4A71-9827-05FE1CF639C8}
		{FEE9384C-251C-4D42-A190-F89775D339F1} = {ACA7AC56-13ED-4A71-9827-05FE1CF639C8}
		{52A6AB4A-F177-4133-93B0-24BE2F350055} = {ACA7AC56-13ED-4A71-9827-05FE1CF639C8}
		{6B0D8019-50D6-446F-998D-B24384FB3025} = {ACA7AC56-13ED-4A71-9827-05FE1CF639C8}
		{EDC1FA53-E3D6-4C0D-88B1-4684847D4E0E} = {CA6B148C-136E-4580-8877-75CAE7B40507}
		{749DED8B-DB4E-4CF5-BFAE-5CAB791BC5EC} = {CA6B148C-136E-4580-8877-75CAE7B40507}
		{0FEEF2BF-058C-49E9-938C-EA41768A1998} = {CA6B148C-136E-4580-8877-75CAE7B40507}
		{63451B99-617D-40BF-88AE-F5E8643F9FBA} = {CA6B148C-136E-4580-8877-75CAE7B40507}
		{222AD218-65BD-4F71-AF7F-8EA742DF645F} = {CA6B148C-136E-4580-8877-75CAE7B40507}
		{A5B41CCB-A5AE-46CD-A49B-847677402DB2} = {CA6B148C-136E-4580-8877-75CAE7B40507}
		{5D831085-1147-452A-9863-BDFE6DB85C89} = {CA6B148C-136E-4580-8877-75CAE7B40507}
		{4C2C740C-F3CC-40F9-943B-34D61B4BD346} = {CA6B148C-136E-4580-8877-75CAE7B40507}
		{F2133A77-7E62-41AB-B98D-20D37079540E} = {CA6B148C-136E-4580-8877-75CAE7B40507}
		{A3F3C344-70A8-4979-8855-B8F8C652D6CC} = {CA6B148C-136E-4580-8877-75CAE7B40507}
		{FF67662F-F407-44E5-831F-0A6B2F5AC79B} = {CA6B148C-136E-4580-8877-75CAE7B40507}
		{74F14777-DB36-4D3A-AC8B-CA2FDBC15DFC} = {CA6B148C-136E-4580-8877-75CAE7B40507}
		{5D3C35B1-43E3-4B09-8798-3AD7594F2B84} = {CA6B148C-136E-4580-8877-75CAE7B40507}
		{C93D705C-E4C2-485F-9359-5C47A013A06A} = {CA6B148C-136E-4580-8877-75CAE7B40507}
		{D3512DD4-3251-47C9-90AA-54407029FACC} = {CA6B148C-136E-4580-8877-75CAE7B40507}
		{602DAD34-1C30-4CA8-B20A-7E03F04F6C65} = {CA6B148C-136E-4580-8877-75CAE7B40507}
		{9A9226D8-65A8-4D3C-A602-74F177D054CE} = {CA6B148C-136E-4580-8877-75CAE7B40507}
		{A3064FB2-57BA-486E-BCE1-E84C798D31F5} = {CA6B148C-136E-4580-8877-75CAE7B40507}
		{D7FA0CF2-AD5E-43AC-86F8-B8D3F560A475} = {CA6B148C-136E-4580-8877-75CAE7B40507}
		{B4D3EF7E-FDA1-4AF5-A274-8317BB83F718} = {CA6B148C-136E-4580-8877-75CAE7B40507}
		{58604E0E-E8B1-4D22-9751-5B4EB574BA6A} = {CA6B148C-136E-4580-8877-75CAE7B40507}
		{BE1CD7DB-FFE0-4317-B975-76CA7D726715} = {CA6B148C-136E-4580-8877-75CAE7B40507}
		{676A1177-EAE2-400A-931A-E1BA31E81908} = {CA6B148C-136E-4580-8877-75CAE7B40507}
		{E17540B9-E5FC-489F-8AE6-38657ED9998D} = {CA6B148C-136E-4580-8877-75CAE7B40507}
		{A1AC4592-6309-492C-B0F1-C9241886718F} = {CA6B148C-136E-4580-8877-75CAE7B40507}
		{981637D1-48D8-4763-B0FC-B3A2E3E199A0} = {CA6B148C-136E-4580-8877-75CAE7B40507}
		{8618F7BE-4377-4537-AA9E-53C11352FAB3} = {CA6B148C-136E-4580-8877-75CAE7B40507}
		{43619AA5-B3A2-47B9-A3B1-8B80BE502FD9} = {CA6B148C-136E-4580-8877-75CAE7B40507}
	EndGlobalSection
EndGlobal
